// !$*UTF8*$!
{
	archiveVersion = 1;
	classes = {
	};
	objectVersion = 55;
	objects = {

/* Begin PBXBuildFile section */
		4F0220612A402E1A000ACC7E /* Block.swift in Sources */ = {isa = PBXBuildFile; fileRef = 4F0220602A402E1A000ACC7E /* Block.swift */; };
		4F0220622A402E1A000ACC7E /* Block.swift in Sources */ = {isa = PBXBuildFile; fileRef = 4F0220602A402E1A000ACC7E /* Block.swift */; };
		4F0220672A40422B000ACC7E /* ChunkFaces.swift in Sources */ = {isa = PBXBuildFile; fileRef = 4F0220662A40422A000ACC7E /* ChunkFaces.swift */; };
		4F0220682A40422B000ACC7E /* ChunkFaces.swift in Sources */ = {isa = PBXBuildFile; fileRef = 4F0220662A40422A000ACC7E /* ChunkFaces.swift */; };
		4F02206A2A406EC8000ACC7E /* BlockTexture.swift in Sources */ = {isa = PBXBuildFile; fileRef = 4F0220692A406EC8000ACC7E /* BlockTexture.swift */; };
		4F02206B2A406EC8000ACC7E /* BlockTexture.swift in Sources */ = {isa = PBXBuildFile; fileRef = 4F0220692A406EC8000ACC7E /* BlockTexture.swift */; };
		4F050C2D2B683409007269BB /* GameButton.swift in Sources */ = {isa = PBXBuildFile; fileRef = 4F050C2C2B683409007269BB /* GameButton.swift */; };
		4F19D4C72870890E00FA6EED /* LEAVES_YELLOW_FLOWERS.png in Resources */ = {isa = PBXBuildFile; fileRef = 4F19D4C52870890E00FA6EED /* LEAVES_YELLOW_FLOWERS.png */; };
		4F19D4C82870890E00FA6EED /* LEAVES_YELLOW_FLOWERS.png in Resources */ = {isa = PBXBuildFile; fileRef = 4F19D4C52870890E00FA6EED /* LEAVES_YELLOW_FLOWERS.png */; };
		4F19D4C92870890E00FA6EED /* LEAVES_PINK_FLOWERS.png in Resources */ = {isa = PBXBuildFile; fileRef = 4F19D4C62870890E00FA6EED /* LEAVES_PINK_FLOWERS.png */; };
		4F19D4CA2870890E00FA6EED /* LEAVES_PINK_FLOWERS.png in Resources */ = {isa = PBXBuildFile; fileRef = 4F19D4C62870890E00FA6EED /* LEAVES_PINK_FLOWERS.png */; };
		4F2FD3732A78655B00AB43D0 /* App.swift in Sources */ = {isa = PBXBuildFile; fileRef = 4F2FD3722A78655B00AB43D0 /* App.swift */; };
		4F3B74C72A408656008A508A /* Renderer.swift in Sources */ = {isa = PBXBuildFile; fileRef = 4F3B74C62A408656008A508A /* Renderer.swift */; };
		4F3B74C82A408656008A508A /* Renderer.swift in Sources */ = {isa = PBXBuildFile; fileRef = 4F3B74C62A408656008A508A /* Renderer.swift */; };
		4F3B74CC2A40B76B008A508A /* App.swift in Sources */ = {isa = PBXBuildFile; fileRef = 4F3B74CA2A40B76B008A508A /* App.swift */; };
		4F7645A72B62B08400E15329 /* GameView.swift in Sources */ = {isa = PBXBuildFile; fileRef = 4F2FD3742A7865B300AB43D0 /* GameView.swift */; };
		4F7645A92B62B22D00E15329 /* GameView.swift in Sources */ = {isa = PBXBuildFile; fileRef = 4F7645A82B62B22D00E15329 /* GameView.swift */; };
		4F9E1AD72A79186F0055A782 /* ExampleRenderer.swift in Sources */ = {isa = PBXBuildFile; fileRef = 4F9E1AD62A79186F0055A782 /* ExampleRenderer.swift */; };
		4F9E1AD92A7919000055A782 /* ExampleShader.metal in Sources */ = {isa = PBXBuildFile; fileRef = 4F9E1AD82A7919000055A782 /* ExampleShader.metal */; };
		4F9E1ADA2A791DE40055A782 /* ExampleRenderer.swift in Sources */ = {isa = PBXBuildFile; fileRef = 4F9E1AD62A79186F0055A782 /* ExampleRenderer.swift */; };
		4F9E1ADB2A791DE80055A782 /* ExampleShader.metal in Sources */ = {isa = PBXBuildFile; fileRef = 4F9E1AD82A7919000055A782 /* ExampleShader.metal */; };
		4F9E1ADD2A7920CB0055A782 /* RenderableChunk.swift in Sources */ = {isa = PBXBuildFile; fileRef = 4F9E1ADC2A7920CB0055A782 /* RenderableChunk.swift */; };
		4F9E1ADF2A7921550055A782 /* ChunkLoader.swift in Sources */ = {isa = PBXBuildFile; fileRef = 4F9E1ADE2A7921550055A782 /* ChunkLoader.swift */; };
		4F9E1AE02A7921550055A782 /* ChunkLoader.swift in Sources */ = {isa = PBXBuildFile; fileRef = 4F9E1ADE2A7921550055A782 /* ChunkLoader.swift */; };
		4F9E1AE12A7921580055A782 /* RenderableChunk.swift in Sources */ = {isa = PBXBuildFile; fileRef = 4F9E1ADC2A7920CB0055A782 /* RenderableChunk.swift */; };
		4F9E1AE32A7923BB0055A782 /* ShaderTypes.swift in Sources */ = {isa = PBXBuildFile; fileRef = 4F9E1AE22A7923BB0055A782 /* ShaderTypes.swift */; };
		4F9E1AE42A7923BB0055A782 /* ShaderTypes.swift in Sources */ = {isa = PBXBuildFile; fileRef = 4F9E1AE22A7923BB0055A782 /* ShaderTypes.swift */; };
		4F9E1AE62A7955660055A782 /* Preferences.swift in Sources */ = {isa = PBXBuildFile; fileRef = 4F9E1AE52A7955660055A782 /* Preferences.swift */; };
		4F9E1AE72A7955660055A782 /* Preferences.swift in Sources */ = {isa = PBXBuildFile; fileRef = 4F9E1AE52A7955660055A782 /* Preferences.swift */; };
		4FD3107B286A3BCD00BB55ED /* Assets.xcassets in Resources */ = {isa = PBXBuildFile; fileRef = 4FD31069286A3BCD00BB55ED /* Assets.xcassets */; };
		4FD3107C286A3BCD00BB55ED /* Assets.xcassets in Resources */ = {isa = PBXBuildFile; fileRef = 4FD31069286A3BCD00BB55ED /* Assets.xcassets */; };
		4FD31086286A3C2200BB55ED /* MouseHandler.swift in Sources */ = {isa = PBXBuildFile; fileRef = 4FD31085286A3C2200BB55ED /* MouseHandler.swift */; };
		4FD310F6286A3F0100BB55ED /* DIRT_GRASS.png in Resources */ = {isa = PBXBuildFile; fileRef = 4FD310DC286A3F0100BB55ED /* DIRT_GRASS.png */; };
		4FD310F7286A3F0100BB55ED /* DIRT_GRASS.png in Resources */ = {isa = PBXBuildFile; fileRef = 4FD310DC286A3F0100BB55ED /* DIRT_GRASS.png */; };
		4FD310F8286A3F0100BB55ED /* DIRT.png in Resources */ = {isa = PBXBuildFile; fileRef = 4FD310DD286A3F0100BB55ED /* DIRT.png */; };
		4FD310F9286A3F0100BB55ED /* DIRT.png in Resources */ = {isa = PBXBuildFile; fileRef = 4FD310DD286A3F0100BB55ED /* DIRT.png */; };
		4FD310FA286A3F0100BB55ED /* ORANGE_BRICKS.png in Resources */ = {isa = PBXBuildFile; fileRef = 4FD310DE286A3F0100BB55ED /* ORANGE_BRICKS.png */; };
		4FD310FB286A3F0100BB55ED /* ORANGE_BRICKS.png in Resources */ = {isa = PBXBuildFile; fileRef = 4FD310DE286A3F0100BB55ED /* ORANGE_BRICKS.png */; };
		4FD310FC286A3F0100BB55ED /* TREE_CUT.png in Resources */ = {isa = PBXBuildFile; fileRef = 4FD310DF286A3F0100BB55ED /* TREE_CUT.png */; };
		4FD310FD286A3F0100BB55ED /* TREE_CUT.png in Resources */ = {isa = PBXBuildFile; fileRef = 4FD310DF286A3F0100BB55ED /* TREE_CUT.png */; };
		4FD310FE286A3F0100BB55ED /* TREE_BARK.png in Resources */ = {isa = PBXBuildFile; fileRef = 4FD310E0286A3F0100BB55ED /* TREE_BARK.png */; };
		4FD310FF286A3F0100BB55ED /* TREE_BARK.png in Resources */ = {isa = PBXBuildFile; fileRef = 4FD310E0286A3F0100BB55ED /* TREE_BARK.png */; };
		4FD31100286A3F0100BB55ED /* WHITE_FLOWERS.png in Resources */ = {isa = PBXBuildFile; fileRef = 4FD310E1286A3F0100BB55ED /* WHITE_FLOWERS.png */; };
		4FD31101286A3F0100BB55ED /* WHITE_FLOWERS.png in Resources */ = {isa = PBXBuildFile; fileRef = 4FD310E1286A3F0100BB55ED /* WHITE_FLOWERS.png */; };
		4FD31102286A3F0100BB55ED /* STONE_GRASS.png in Resources */ = {isa = PBXBuildFile; fileRef = 4FD310E2286A3F0100BB55ED /* STONE_GRASS.png */; };
		4FD31103286A3F0100BB55ED /* STONE_GRASS.png in Resources */ = {isa = PBXBuildFile; fileRef = 4FD310E2286A3F0100BB55ED /* STONE_GRASS.png */; };
		4FD31104286A3F0100BB55ED /* BLUE_FLOWERS.png in Resources */ = {isa = PBXBuildFile; fileRef = 4FD310E3286A3F0100BB55ED /* BLUE_FLOWERS.png */; };
		4FD31105286A3F0100BB55ED /* BLUE_FLOWERS.png in Resources */ = {isa = PBXBuildFile; fileRef = 4FD310E3286A3F0100BB55ED /* BLUE_FLOWERS.png */; };
		4FD31106286A3F0100BB55ED /* SAND_GRASS.png in Resources */ = {isa = PBXBuildFile; fileRef = 4FD310E4286A3F0100BB55ED /* SAND_GRASS.png */; };
		4FD31107286A3F0100BB55ED /* SAND_GRASS.png in Resources */ = {isa = PBXBuildFile; fileRef = 4FD310E4286A3F0100BB55ED /* SAND_GRASS.png */; };
		4FD31108286A3F0100BB55ED /* GRASS.png in Resources */ = {isa = PBXBuildFile; fileRef = 4FD310E5286A3F0100BB55ED /* GRASS.png */; };
		4FD31109286A3F0100BB55ED /* GRASS.png in Resources */ = {isa = PBXBuildFile; fileRef = 4FD310E5286A3F0100BB55ED /* GRASS.png */; };
		4FD3110A286A3F0100BB55ED /* STONE.png in Resources */ = {isa = PBXBuildFile; fileRef = 4FD310E6286A3F0100BB55ED /* STONE.png */; };
		4FD3110B286A3F0100BB55ED /* STONE.png in Resources */ = {isa = PBXBuildFile; fileRef = 4FD310E6286A3F0100BB55ED /* STONE.png */; };
		4FD3110C286A3F0100BB55ED /* SAND.png in Resources */ = {isa = PBXBuildFile; fileRef = 4FD310E7286A3F0100BB55ED /* SAND.png */; };
		4FD3110D286A3F0100BB55ED /* SAND.png in Resources */ = {isa = PBXBuildFile; fileRef = 4FD310E7286A3F0100BB55ED /* SAND.png */; };
		4FD3110E286A3F0100BB55ED /* LEAVES.png in Resources */ = {isa = PBXBuildFile; fileRef = 4FD310E8286A3F0100BB55ED /* LEAVES.png */; };
		4FD3110F286A3F0100BB55ED /* LEAVES.png in Resources */ = {isa = PBXBuildFile; fileRef = 4FD310E8286A3F0100BB55ED /* LEAVES.png */; };
		4FD31112286A3F0100BB55ED /* RED_FLOWERS.png in Resources */ = {isa = PBXBuildFile; fileRef = 4FD310EA286A3F0100BB55ED /* RED_FLOWERS.png */; };
		4FD31113286A3F0100BB55ED /* RED_FLOWERS.png in Resources */ = {isa = PBXBuildFile; fileRef = 4FD310EA286A3F0100BB55ED /* RED_FLOWERS.png */; };
		4FD31114286A3F0100BB55ED /* YELLOW_FLOWERS.png in Resources */ = {isa = PBXBuildFile; fileRef = 4FD310EB286A3F0100BB55ED /* YELLOW_FLOWERS.png */; };
		4FD31115286A3F0100BB55ED /* YELLOW_FLOWERS.png in Resources */ = {isa = PBXBuildFile; fileRef = 4FD310EB286A3F0100BB55ED /* YELLOW_FLOWERS.png */; };
		4FD31116286A3F0100BB55ED /* Engine.swift in Sources */ = {isa = PBXBuildFile; fileRef = 4FD310EC286A3F0100BB55ED /* Engine.swift */; };
		4FD31117286A3F0100BB55ED /* Engine.swift in Sources */ = {isa = PBXBuildFile; fileRef = 4FD310EC286A3F0100BB55ED /* Engine.swift */; };
		4FD31122286A3F0100BB55ED /* WorldShader.metal in Sources */ = {isa = PBXBuildFile; fileRef = 4FD310F3286A3F0100BB55ED /* WorldShader.metal */; };
		4FD31123286A3F0100BB55ED /* WorldShader.metal in Sources */ = {isa = PBXBuildFile; fileRef = 4FD310F3286A3F0100BB55ED /* WorldShader.metal */; };
		4FD31124286A3F0100BB55ED /* WorldRenderer.swift in Sources */ = {isa = PBXBuildFile; fileRef = 4FD310F4286A3F0100BB55ED /* WorldRenderer.swift */; };
		4FD31125286A3F0100BB55ED /* WorldRenderer.swift in Sources */ = {isa = PBXBuildFile; fileRef = 4FD310F4286A3F0100BB55ED /* WorldRenderer.swift */; };
		4FD31126286A3F0100BB55ED /* Types.swift in Sources */ = {isa = PBXBuildFile; fileRef = 4FD310F5286A3F0100BB55ED /* Types.swift */; };
		4FD31127286A3F0100BB55ED /* Types.swift in Sources */ = {isa = PBXBuildFile; fileRef = 4FD310F5286A3F0100BB55ED /* Types.swift */; };
		4FD31138286A3F0C00BB55ED /* Camera.swift in Sources */ = {isa = PBXBuildFile; fileRef = 4FD3112E286A3F0C00BB55ED /* Camera.swift */; };
		4FD31139286A3F0C00BB55ED /* Camera.swift in Sources */ = {isa = PBXBuildFile; fileRef = 4FD3112E286A3F0C00BB55ED /* Camera.swift */; };
		4FD31140286A3F1400BB55ED /* Math.swift in Sources */ = {isa = PBXBuildFile; fileRef = 4FD3113D286A3F1400BB55ED /* Math.swift */; };
		4FD31141286A3F1400BB55ED /* Math.swift in Sources */ = {isa = PBXBuildFile; fileRef = 4FD3113D286A3F1400BB55ED /* Math.swift */; };
		4FD31144286A3F1400BB55ED /* BlockfaceVertices.swift in Sources */ = {isa = PBXBuildFile; fileRef = 4FD3113F286A3F1400BB55ED /* BlockfaceVertices.swift */; };
		4FD31145286A3F1400BB55ED /* BlockfaceVertices.swift in Sources */ = {isa = PBXBuildFile; fileRef = 4FD3113F286A3F1400BB55ED /* BlockfaceVertices.swift */; };
		4FD31150286A3F1F00BB55ED /* WorldGenerator.swift in Sources */ = {isa = PBXBuildFile; fileRef = 4FD31148286A3F1F00BB55ED /* WorldGenerator.swift */; };
		4FD31151286A3F1F00BB55ED /* WorldGenerator.swift in Sources */ = {isa = PBXBuildFile; fileRef = 4FD31148286A3F1F00BB55ED /* WorldGenerator.swift */; };
		4FD31152286A3F1F00BB55ED /* NoiseGenerator.swift in Sources */ = {isa = PBXBuildFile; fileRef = 4FD3114A286A3F1F00BB55ED /* NoiseGenerator.swift */; };
		4FD31153286A3F1F00BB55ED /* NoiseGenerator.swift in Sources */ = {isa = PBXBuildFile; fileRef = 4FD3114A286A3F1F00BB55ED /* NoiseGenerator.swift */; };
		4FD31154286A3F1F00BB55ED /* SimplexNoise.swift in Sources */ = {isa = PBXBuildFile; fileRef = 4FD3114B286A3F1F00BB55ED /* SimplexNoise.swift */; };
		4FD31155286A3F1F00BB55ED /* SimplexNoise.swift in Sources */ = {isa = PBXBuildFile; fileRef = 4FD3114B286A3F1F00BB55ED /* SimplexNoise.swift */; };
		4FD31156286A3F1F00BB55ED /* CoordinateSystem.swift in Sources */ = {isa = PBXBuildFile; fileRef = 4FD3114C286A3F1F00BB55ED /* CoordinateSystem.swift */; };
		4FD31157286A3F1F00BB55ED /* CoordinateSystem.swift in Sources */ = {isa = PBXBuildFile; fileRef = 4FD3114C286A3F1F00BB55ED /* CoordinateSystem.swift */; };
		4FD31158286A3F1F00BB55ED /* Chunk.swift in Sources */ = {isa = PBXBuildFile; fileRef = 4FD3114D286A3F1F00BB55ED /* Chunk.swift */; };
		4FD31159286A3F1F00BB55ED /* Chunk.swift in Sources */ = {isa = PBXBuildFile; fileRef = 4FD3114D286A3F1F00BB55ED /* Chunk.swift */; };
		4FD3115B286A3F6C00BB55ED /* MetalView.swift in Sources */ = {isa = PBXBuildFile; fileRef = 4FD3115A286A3F6C00BB55ED /* MetalView.swift */; };
		4FD3115C286A3F6C00BB55ED /* MetalView.swift in Sources */ = {isa = PBXBuildFile; fileRef = 4FD3115A286A3F6C00BB55ED /* MetalView.swift */; };
/* End PBXBuildFile section */

/* Begin PBXFileReference section */
		4F0220602A402E1A000ACC7E /* Block.swift */ = {isa = PBXFileReference; lastKnownFileType = sourcecode.swift; path = Block.swift; sourceTree = "<group>"; };
		4F0220662A40422A000ACC7E /* ChunkFaces.swift */ = {isa = PBXFileReference; lastKnownFileType = sourcecode.swift; path = ChunkFaces.swift; sourceTree = "<group>"; };
		4F0220692A406EC8000ACC7E /* BlockTexture.swift */ = {isa = PBXFileReference; lastKnownFileType = sourcecode.swift; path = BlockTexture.swift; sourceTree = "<group>"; };
		4F050C2C2B683409007269BB /* GameButton.swift */ = {isa = PBXFileReference; lastKnownFileType = sourcecode.swift; path = GameButton.swift; sourceTree = "<group>"; };
		4F19D4C52870890E00FA6EED /* LEAVES_YELLOW_FLOWERS.png */ = {isa = PBXFileReference; lastKnownFileType = image.png; path = LEAVES_YELLOW_FLOWERS.png; sourceTree = "<group>"; };
		4F19D4C62870890E00FA6EED /* LEAVES_PINK_FLOWERS.png */ = {isa = PBXFileReference; lastKnownFileType = image.png; path = LEAVES_PINK_FLOWERS.png; sourceTree = "<group>"; };
		4F2FD3722A78655B00AB43D0 /* App.swift */ = {isa = PBXFileReference; fileEncoding = 4; lastKnownFileType = sourcecode.swift; path = App.swift; sourceTree = "<group>"; };
		4F2FD3742A7865B300AB43D0 /* GameView.swift */ = {isa = PBXFileReference; lastKnownFileType = sourcecode.swift; name = GameView.swift; path = ../Shared/Views/GameView.swift; sourceTree = "<group>"; };
		4F3B74C62A408656008A508A /* Renderer.swift */ = {isa = PBXFileReference; lastKnownFileType = sourcecode.swift; path = Renderer.swift; sourceTree = "<group>"; };
		4F3B74CA2A40B76B008A508A /* App.swift */ = {isa = PBXFileReference; lastKnownFileType = sourcecode.swift; path = App.swift; sourceTree = "<group>"; };
		4F7645A82B62B22D00E15329 /* GameView.swift */ = {isa = PBXFileReference; lastKnownFileType = sourcecode.swift; path = GameView.swift; sourceTree = "<group>"; };
		4F9E1AD62A79186F0055A782 /* ExampleRenderer.swift */ = {isa = PBXFileReference; lastKnownFileType = sourcecode.swift; path = ExampleRenderer.swift; sourceTree = "<group>"; };
		4F9E1AD82A7919000055A782 /* ExampleShader.metal */ = {isa = PBXFileReference; lastKnownFileType = sourcecode.metal; path = ExampleShader.metal; sourceTree = "<group>"; };
		4F9E1ADC2A7920CB0055A782 /* RenderableChunk.swift */ = {isa = PBXFileReference; lastKnownFileType = sourcecode.swift; path = RenderableChunk.swift; sourceTree = "<group>"; };
		4F9E1ADE2A7921550055A782 /* ChunkLoader.swift */ = {isa = PBXFileReference; lastKnownFileType = sourcecode.swift; path = ChunkLoader.swift; sourceTree = "<group>"; };
		4F9E1AE22A7923BB0055A782 /* ShaderTypes.swift */ = {isa = PBXFileReference; lastKnownFileType = sourcecode.swift; path = ShaderTypes.swift; sourceTree = "<group>"; };
		4F9E1AE52A7955660055A782 /* Preferences.swift */ = {isa = PBXFileReference; fileEncoding = 4; lastKnownFileType = sourcecode.swift; path = Preferences.swift; sourceTree = "<group>"; };
		4FD31069286A3BCD00BB55ED /* Assets.xcassets */ = {isa = PBXFileReference; lastKnownFileType = folder.assetcatalog; path = Assets.xcassets; sourceTree = "<group>"; };
		4FD3106E286A3BCD00BB55ED /* MetalCraft.app */ = {isa = PBXFileReference; explicitFileType = wrapper.application; includeInIndex = 0; path = MetalCraft.app; sourceTree = BUILT_PRODUCTS_DIR; };
		4FD31074286A3BCD00BB55ED /* MetalCraft.app */ = {isa = PBXFileReference; explicitFileType = wrapper.application; includeInIndex = 0; path = MetalCraft.app; sourceTree = BUILT_PRODUCTS_DIR; };
		4FD31076286A3BCD00BB55ED /* macOS.entitlements */ = {isa = PBXFileReference; lastKnownFileType = text.plist.entitlements; path = macOS.entitlements; sourceTree = "<group>"; };
		4FD31085286A3C2200BB55ED /* MouseHandler.swift */ = {isa = PBXFileReference; lastKnownFileType = sourcecode.swift; path = MouseHandler.swift; sourceTree = "<group>"; };
		4FD310D9286A3E2900BB55ED /* .gitignore */ = {isa = PBXFileReference; lastKnownFileType = text; path = .gitignore; sourceTree = "<group>"; };
		4FD310DC286A3F0100BB55ED /* DIRT_GRASS.png */ = {isa = PBXFileReference; lastKnownFileType = image.png; path = DIRT_GRASS.png; sourceTree = "<group>"; };
		4FD310DD286A3F0100BB55ED /* DIRT.png */ = {isa = PBXFileReference; lastKnownFileType = image.png; path = DIRT.png; sourceTree = "<group>"; };
		4FD310DE286A3F0100BB55ED /* ORANGE_BRICKS.png */ = {isa = PBXFileReference; lastKnownFileType = image.png; path = ORANGE_BRICKS.png; sourceTree = "<group>"; };
		4FD310DF286A3F0100BB55ED /* TREE_CUT.png */ = {isa = PBXFileReference; lastKnownFileType = image.png; path = TREE_CUT.png; sourceTree = "<group>"; };
		4FD310E0286A3F0100BB55ED /* TREE_BARK.png */ = {isa = PBXFileReference; lastKnownFileType = image.png; path = TREE_BARK.png; sourceTree = "<group>"; };
		4FD310E1286A3F0100BB55ED /* WHITE_FLOWERS.png */ = {isa = PBXFileReference; lastKnownFileType = image.png; path = WHITE_FLOWERS.png; sourceTree = "<group>"; };
		4FD310E2286A3F0100BB55ED /* STONE_GRASS.png */ = {isa = PBXFileReference; lastKnownFileType = image.png; path = STONE_GRASS.png; sourceTree = "<group>"; };
		4FD310E3286A3F0100BB55ED /* BLUE_FLOWERS.png */ = {isa = PBXFileReference; lastKnownFileType = image.png; path = BLUE_FLOWERS.png; sourceTree = "<group>"; };
		4FD310E4286A3F0100BB55ED /* SAND_GRASS.png */ = {isa = PBXFileReference; lastKnownFileType = image.png; path = SAND_GRASS.png; sourceTree = "<group>"; };
		4FD310E5286A3F0100BB55ED /* GRASS.png */ = {isa = PBXFileReference; lastKnownFileType = image.png; path = GRASS.png; sourceTree = "<group>"; };
		4FD310E6286A3F0100BB55ED /* STONE.png */ = {isa = PBXFileReference; lastKnownFileType = image.png; path = STONE.png; sourceTree = "<group>"; };
		4FD310E7286A3F0100BB55ED /* SAND.png */ = {isa = PBXFileReference; lastKnownFileType = image.png; path = SAND.png; sourceTree = "<group>"; };
		4FD310E8286A3F0100BB55ED /* LEAVES.png */ = {isa = PBXFileReference; lastKnownFileType = image.png; path = LEAVES.png; sourceTree = "<group>"; };
		4FD310EA286A3F0100BB55ED /* RED_FLOWERS.png */ = {isa = PBXFileReference; lastKnownFileType = image.png; path = RED_FLOWERS.png; sourceTree = "<group>"; };
		4FD310EB286A3F0100BB55ED /* YELLOW_FLOWERS.png */ = {isa = PBXFileReference; lastKnownFileType = image.png; path = YELLOW_FLOWERS.png; sourceTree = "<group>"; };
		4FD310EC286A3F0100BB55ED /* Engine.swift */ = {isa = PBXFileReference; fileEncoding = 4; lastKnownFileType = sourcecode.swift; path = Engine.swift; sourceTree = "<group>"; };
		4FD310F3286A3F0100BB55ED /* WorldShader.metal */ = {isa = PBXFileReference; fileEncoding = 4; lastKnownFileType = sourcecode.metal; path = WorldShader.metal; sourceTree = "<group>"; };
		4FD310F4286A3F0100BB55ED /* WorldRenderer.swift */ = {isa = PBXFileReference; fileEncoding = 4; lastKnownFileType = sourcecode.swift; path = WorldRenderer.swift; sourceTree = "<group>"; };
		4FD310F5286A3F0100BB55ED /* Types.swift */ = {isa = PBXFileReference; fileEncoding = 4; lastKnownFileType = sourcecode.swift; path = Types.swift; sourceTree = "<group>"; };
		4FD3112E286A3F0C00BB55ED /* Camera.swift */ = {isa = PBXFileReference; fileEncoding = 4; lastKnownFileType = sourcecode.swift; path = Camera.swift; sourceTree = "<group>"; };
		4FD3113D286A3F1400BB55ED /* Math.swift */ = {isa = PBXFileReference; fileEncoding = 4; lastKnownFileType = sourcecode.swift; path = Math.swift; sourceTree = "<group>"; };
		4FD3113F286A3F1400BB55ED /* BlockfaceVertices.swift */ = {isa = PBXFileReference; fileEncoding = 4; lastKnownFileType = sourcecode.swift; path = BlockfaceVertices.swift; sourceTree = "<group>"; };
		4FD31148286A3F1F00BB55ED /* WorldGenerator.swift */ = {isa = PBXFileReference; fileEncoding = 4; lastKnownFileType = sourcecode.swift; path = WorldGenerator.swift; sourceTree = "<group>"; };
		4FD3114A286A3F1F00BB55ED /* NoiseGenerator.swift */ = {isa = PBXFileReference; fileEncoding = 4; lastKnownFileType = sourcecode.swift; path = NoiseGenerator.swift; sourceTree = "<group>"; };
		4FD3114B286A3F1F00BB55ED /* SimplexNoise.swift */ = {isa = PBXFileReference; fileEncoding = 4; lastKnownFileType = sourcecode.swift; path = SimplexNoise.swift; sourceTree = "<group>"; };
		4FD3114C286A3F1F00BB55ED /* CoordinateSystem.swift */ = {isa = PBXFileReference; fileEncoding = 4; lastKnownFileType = sourcecode.swift; path = CoordinateSystem.swift; sourceTree = "<group>"; };
		4FD3114D286A3F1F00BB55ED /* Chunk.swift */ = {isa = PBXFileReference; fileEncoding = 4; lastKnownFileType = sourcecode.swift; path = Chunk.swift; sourceTree = "<group>"; };
		4FD3115A286A3F6C00BB55ED /* MetalView.swift */ = {isa = PBXFileReference; lastKnownFileType = sourcecode.swift; path = MetalView.swift; sourceTree = "<group>"; };
/* End PBXFileReference section */

/* Begin PBXFrameworksBuildPhase section */
		4FD3106B286A3BCD00BB55ED /* Frameworks */ = {
			isa = PBXFrameworksBuildPhase;
			buildActionMask = 2147483647;
			files = (
			);
			runOnlyForDeploymentPostprocessing = 0;
		};
		4FD31071286A3BCD00BB55ED /* Frameworks */ = {
			isa = PBXFrameworksBuildPhase;
			buildActionMask = 2147483647;
			files = (
			);
			runOnlyForDeploymentPostprocessing = 0;
		};
/* End PBXFrameworksBuildPhase section */

/* Begin PBXGroup section */
		4F3B74C92A40953D008A508A /* WorldEngine */ = {
			isa = PBXGroup;
			children = (
				4FD31146286A3F1F00BB55ED /* Utils */,
				4FD310DB286A3F0100BB55ED /* Textures */,
				4F0220662A40422A000ACC7E /* ChunkFaces.swift */,
				4F9E1AE22A7923BB0055A782 /* ShaderTypes.swift */,
				4FD3113F286A3F1400BB55ED /* BlockfaceVertices.swift */,
				4F9E1ADC2A7920CB0055A782 /* RenderableChunk.swift */,
				4F9E1ADE2A7921550055A782 /* ChunkLoader.swift */,
				4FD310F4286A3F0100BB55ED /* WorldRenderer.swift */,
				4FD310F3286A3F0100BB55ED /* WorldShader.metal */,
			);
			path = WorldEngine;
			sourceTree = "<group>";
		};
		4F9E1AD52A7916560055A782 /* Example */ = {
			isa = PBXGroup;
			children = (
				4F9E1AD62A79186F0055A782 /* ExampleRenderer.swift */,
				4F9E1AD82A7919000055A782 /* ExampleShader.metal */,
			);
			path = Example;
			sourceTree = "<group>";
		};
		4FD31061286A3BCC00BB55ED = {
			isa = PBXGroup;
			children = (
				4FD310D9286A3E2900BB55ED /* .gitignore */,
				4FD31066286A3BCD00BB55ED /* Shared */,
				4FED3E672A3EFA0700343CD5 /* iOS */,
				4FD31075286A3BCD00BB55ED /* macOS */,
				4FD3106F286A3BCD00BB55ED /* Products */,
			);
			sourceTree = "<group>";
		};
		4FD31066286A3BCD00BB55ED /* Shared */ = {
			isa = PBXGroup;
			children = (
				4FD310DA286A3F0100BB55ED /* RenderEngine */,
				4F3B74C92A40953D008A508A /* WorldEngine */,
				4FD31128286A3F0C00BB55ED /* GameLogic */,
				4FD31069286A3BCD00BB55ED /* Assets.xcassets */,
			);
			path = Shared;
			sourceTree = "<group>";
		};
		4FD3106F286A3BCD00BB55ED /* Products */ = {
			isa = PBXGroup;
			children = (
				4FD3106E286A3BCD00BB55ED /* MetalCraft.app */,
				4FD31074286A3BCD00BB55ED /* MetalCraft.app */,
			);
			name = Products;
			sourceTree = "<group>";
		};
		4FD31075286A3BCD00BB55ED /* macOS */ = {
			isa = PBXGroup;
			children = (
				4FD31076286A3BCD00BB55ED /* macOS.entitlements */,
				4F3B74CA2A40B76B008A508A /* App.swift */,
				4F7645A82B62B22D00E15329 /* GameView.swift */,
				4FD31085286A3C2200BB55ED /* MouseHandler.swift */,
			);
			path = macOS;
			sourceTree = "<group>";
		};
		4FD310DA286A3F0100BB55ED /* RenderEngine */ = {
			isa = PBXGroup;
			children = (
				4FD310F5286A3F0100BB55ED /* Types.swift */,
				4FD3113D286A3F1400BB55ED /* Math.swift */,
				4FD3112E286A3F0C00BB55ED /* Camera.swift */,
				4F9E1AE52A7955660055A782 /* Preferences.swift */,
				4FD310EC286A3F0100BB55ED /* Engine.swift */,
				4F3B74C62A408656008A508A /* Renderer.swift */,
				4FD3115A286A3F6C00BB55ED /* MetalView.swift */,
				4F9E1AD52A7916560055A782 /* Example */,
			);
			path = RenderEngine;
			sourceTree = "<group>";
		};
		4FD310DB286A3F0100BB55ED /* Textures */ = {
			isa = PBXGroup;
			children = (
				4F0220692A406EC8000ACC7E /* BlockTexture.swift */,
				4F19D4C62870890E00FA6EED /* LEAVES_PINK_FLOWERS.png */,
				4F19D4C52870890E00FA6EED /* LEAVES_YELLOW_FLOWERS.png */,
				4FD310DC286A3F0100BB55ED /* DIRT_GRASS.png */,
				4FD310DD286A3F0100BB55ED /* DIRT.png */,
				4FD310DE286A3F0100BB55ED /* ORANGE_BRICKS.png */,
				4FD310DF286A3F0100BB55ED /* TREE_CUT.png */,
				4FD310E0286A3F0100BB55ED /* TREE_BARK.png */,
				4FD310E1286A3F0100BB55ED /* WHITE_FLOWERS.png */,
				4FD310E2286A3F0100BB55ED /* STONE_GRASS.png */,
				4FD310E3286A3F0100BB55ED /* BLUE_FLOWERS.png */,
				4FD310E4286A3F0100BB55ED /* SAND_GRASS.png */,
				4FD310E5286A3F0100BB55ED /* GRASS.png */,
				4FD310E6286A3F0100BB55ED /* STONE.png */,
				4FD310E7286A3F0100BB55ED /* SAND.png */,
				4FD310E8286A3F0100BB55ED /* LEAVES.png */,
				4FD310EA286A3F0100BB55ED /* RED_FLOWERS.png */,
				4FD310EB286A3F0100BB55ED /* YELLOW_FLOWERS.png */,
			);
			path = Textures;
			sourceTree = "<group>";
		};
		4FD31128286A3F0C00BB55ED /* GameLogic */ = {
			isa = PBXGroup;
			children = (
				4FD31149286A3F1F00BB55ED /* Noise */,
				4FD31148286A3F1F00BB55ED /* WorldGenerator.swift */,
			);
			path = GameLogic;
			sourceTree = "<group>";
		};
		4FD31146286A3F1F00BB55ED /* Utils */ = {
			isa = PBXGroup;
			children = (
				4FD3114C286A3F1F00BB55ED /* CoordinateSystem.swift */,
				4F0220602A402E1A000ACC7E /* Block.swift */,
				4FD3114D286A3F1F00BB55ED /* Chunk.swift */,
			);
			path = Utils;
			sourceTree = "<group>";
		};
		4FD31149286A3F1F00BB55ED /* Noise */ = {
			isa = PBXGroup;
			children = (
				4FD3114A286A3F1F00BB55ED /* NoiseGenerator.swift */,
				4FD3114B286A3F1F00BB55ED /* SimplexNoise.swift */,
			);
			path = Noise;
			sourceTree = "<group>";
		};
		4FED3E672A3EFA0700343CD5 /* iOS */ = {
			isa = PBXGroup;
			children = (
				4F2FD3722A78655B00AB43D0 /* App.swift */,
				4F2FD3742A7865B300AB43D0 /* GameView.swift */,
				4F050C2C2B683409007269BB /* GameButton.swift */,
			);
			path = iOS;
			sourceTree = "<group>";
		};
/* End PBXGroup section */

/* Begin PBXNativeTarget section */
		4FD3106D286A3BCD00BB55ED /* MetalCraft (iOS) */ = {
			isa = PBXNativeTarget;
			buildConfigurationList = 4FD3107F286A3BCD00BB55ED /* Build configuration list for PBXNativeTarget "MetalCraft (iOS)" */;
			buildPhases = (
				4FD3106A286A3BCD00BB55ED /* Sources */,
				4FD3106B286A3BCD00BB55ED /* Frameworks */,
				4FD3106C286A3BCD00BB55ED /* Resources */,
			);
			buildRules = (
			);
			dependencies = (
			);
			name = "MetalCraft (iOS)";
			productName = "MetalCraft (iOS)";
			productReference = 4FD3106E286A3BCD00BB55ED /* MetalCraft.app */;
			productType = "com.apple.product-type.application";
		};
		4FD31073286A3BCD00BB55ED /* MetalCraft (macOS) */ = {
			isa = PBXNativeTarget;
			buildConfigurationList = 4FD31082286A3BCD00BB55ED /* Build configuration list for PBXNativeTarget "MetalCraft (macOS)" */;
			buildPhases = (
				4FD31070286A3BCD00BB55ED /* Sources */,
				4FD31071286A3BCD00BB55ED /* Frameworks */,
				4FD31072286A3BCD00BB55ED /* Resources */,
			);
			buildRules = (
			);
			dependencies = (
			);
			name = "MetalCraft (macOS)";
			productName = "MetalCraft (macOS)";
			productReference = 4FD31074286A3BCD00BB55ED /* MetalCraft.app */;
			productType = "com.apple.product-type.application";
		};
/* End PBXNativeTarget section */

/* Begin PBXProject section */
		4FD31062286A3BCC00BB55ED /* Project object */ = {
			isa = PBXProject;
			attributes = {
				BuildIndependentTargetsInParallel = 1;
				LastSwiftUpdateCheck = 1340;
				LastUpgradeCheck = 1520;
				TargetAttributes = {
					4FD3106D286A3BCD00BB55ED = {
						CreatedOnToolsVersion = 13.4.1;
					};
					4FD31073286A3BCD00BB55ED = {
						CreatedOnToolsVersion = 13.4.1;
					};
				};
			};
			buildConfigurationList = 4FD31065286A3BCC00BB55ED /* Build configuration list for PBXProject "MetalCraft" */;
			compatibilityVersion = "Xcode 13.0";
			developmentRegion = en;
			hasScannedForEncodings = 0;
			knownRegions = (
				en,
				Base,
			);
			mainGroup = 4FD31061286A3BCC00BB55ED;
			productRefGroup = 4FD3106F286A3BCD00BB55ED /* Products */;
			projectDirPath = "";
			projectRoot = "";
			targets = (
				4FD3106D286A3BCD00BB55ED /* MetalCraft (iOS) */,
				4FD31073286A3BCD00BB55ED /* MetalCraft (macOS) */,
			);
		};
/* End PBXProject section */

/* Begin PBXResourcesBuildPhase section */
		4FD3106C286A3BCD00BB55ED /* Resources */ = {
			isa = PBXResourcesBuildPhase;
			buildActionMask = 2147483647;
			files = (
				4F19D4C72870890E00FA6EED /* LEAVES_YELLOW_FLOWERS.png in Resources */,
				4FD31106286A3F0100BB55ED /* SAND_GRASS.png in Resources */,
				4FD3110A286A3F0100BB55ED /* STONE.png in Resources */,
				4FD3107B286A3BCD00BB55ED /* Assets.xcassets in Resources */,
				4F19D4C92870890E00FA6EED /* LEAVES_PINK_FLOWERS.png in Resources */,
				4FD310FA286A3F0100BB55ED /* ORANGE_BRICKS.png in Resources */,
				4FD31102286A3F0100BB55ED /* STONE_GRASS.png in Resources */,
				4FD310FC286A3F0100BB55ED /* TREE_CUT.png in Resources */,
				4FD31100286A3F0100BB55ED /* WHITE_FLOWERS.png in Resources */,
				4FD3110E286A3F0100BB55ED /* LEAVES.png in Resources */,
				4FD3110C286A3F0100BB55ED /* SAND.png in Resources */,
				4FD310F6286A3F0100BB55ED /* DIRT_GRASS.png in Resources */,
				4FD31114286A3F0100BB55ED /* YELLOW_FLOWERS.png in Resources */,
				4FD31104286A3F0100BB55ED /* BLUE_FLOWERS.png in Resources */,
				4FD31108286A3F0100BB55ED /* GRASS.png in Resources */,
				4FD310F8286A3F0100BB55ED /* DIRT.png in Resources */,
				4FD31112286A3F0100BB55ED /* RED_FLOWERS.png in Resources */,
				4FD310FE286A3F0100BB55ED /* TREE_BARK.png in Resources */,
			);
			runOnlyForDeploymentPostprocessing = 0;
		};
		4FD31072286A3BCD00BB55ED /* Resources */ = {
			isa = PBXResourcesBuildPhase;
			buildActionMask = 2147483647;
			files = (
				4F19D4C82870890E00FA6EED /* LEAVES_YELLOW_FLOWERS.png in Resources */,
				4FD31107286A3F0100BB55ED /* SAND_GRASS.png in Resources */,
				4FD3110B286A3F0100BB55ED /* STONE.png in Resources */,
				4FD3107C286A3BCD00BB55ED /* Assets.xcassets in Resources */,
				4F19D4CA2870890E00FA6EED /* LEAVES_PINK_FLOWERS.png in Resources */,
				4FD310FB286A3F0100BB55ED /* ORANGE_BRICKS.png in Resources */,
				4FD31103286A3F0100BB55ED /* STONE_GRASS.png in Resources */,
				4FD310FD286A3F0100BB55ED /* TREE_CUT.png in Resources */,
				4FD31101286A3F0100BB55ED /* WHITE_FLOWERS.png in Resources */,
				4FD3110F286A3F0100BB55ED /* LEAVES.png in Resources */,
				4FD3110D286A3F0100BB55ED /* SAND.png in Resources */,
				4FD310F7286A3F0100BB55ED /* DIRT_GRASS.png in Resources */,
				4FD31115286A3F0100BB55ED /* YELLOW_FLOWERS.png in Resources */,
				4FD31105286A3F0100BB55ED /* BLUE_FLOWERS.png in Resources */,
				4FD31109286A3F0100BB55ED /* GRASS.png in Resources */,
				4FD310F9286A3F0100BB55ED /* DIRT.png in Resources */,
				4FD31113286A3F0100BB55ED /* RED_FLOWERS.png in Resources */,
				4FD310FF286A3F0100BB55ED /* TREE_BARK.png in Resources */,
			);
			runOnlyForDeploymentPostprocessing = 0;
		};
/* End PBXResourcesBuildPhase section */

/* Begin PBXSourcesBuildPhase section */
		4FD3106A286A3BCD00BB55ED /* Sources */ = {
			isa = PBXSourcesBuildPhase;
			buildActionMask = 2147483647;
			files = (
				4F050C2D2B683409007269BB /* GameButton.swift in Sources */,
				4FD31138286A3F0C00BB55ED /* Camera.swift in Sources */,
				4F0220672A40422B000ACC7E /* ChunkFaces.swift in Sources */,
				4FD31150286A3F1F00BB55ED /* WorldGenerator.swift in Sources */,
				4F02206A2A406EC8000ACC7E /* BlockTexture.swift in Sources */,
				4FD31152286A3F1F00BB55ED /* NoiseGenerator.swift in Sources */,
				4FD31116286A3F0100BB55ED /* Engine.swift in Sources */,
				4FD31124286A3F0100BB55ED /* WorldRenderer.swift in Sources */,
				4FD31144286A3F1400BB55ED /* BlockfaceVertices.swift in Sources */,
				4F3B74C72A408656008A508A /* Renderer.swift in Sources */,
				4F9E1AE32A7923BB0055A782 /* ShaderTypes.swift in Sources */,
				4FD31140286A3F1400BB55ED /* Math.swift in Sources */,
				4FD31122286A3F0100BB55ED /* WorldShader.metal in Sources */,
				4F9E1AD92A7919000055A782 /* ExampleShader.metal in Sources */,
				4F0220612A402E1A000ACC7E /* Block.swift in Sources */,
				4F7645A72B62B08400E15329 /* GameView.swift in Sources */,
				4F9E1AD72A79186F0055A782 /* ExampleRenderer.swift in Sources */,
				4FD31154286A3F1F00BB55ED /* SimplexNoise.swift in Sources */,
				4F9E1ADF2A7921550055A782 /* ChunkLoader.swift in Sources */,
				4FD31126286A3F0100BB55ED /* Types.swift in Sources */,
				4FD31158286A3F1F00BB55ED /* Chunk.swift in Sources */,
				4F9E1AE62A7955660055A782 /* Preferences.swift in Sources */,
				4FD3115B286A3F6C00BB55ED /* MetalView.swift in Sources */,
				4F2FD3732A78655B00AB43D0 /* App.swift in Sources */,
				4F9E1ADD2A7920CB0055A782 /* RenderableChunk.swift in Sources */,
				4FD31156286A3F1F00BB55ED /* CoordinateSystem.swift in Sources */,
			);
			runOnlyForDeploymentPostprocessing = 0;
		};
		4FD31070286A3BCD00BB55ED /* Sources */ = {
			isa = PBXSourcesBuildPhase;
			buildActionMask = 2147483647;
			files = (
				4FD31155286A3F1F00BB55ED /* SimplexNoise.swift in Sources */,
				4FD31145286A3F1400BB55ED /* BlockfaceVertices.swift in Sources */,
				4F9E1AE72A7955660055A782 /* Preferences.swift in Sources */,
				4FD31127286A3F0100BB55ED /* Types.swift in Sources */,
				4F9E1ADA2A791DE40055A782 /* ExampleRenderer.swift in Sources */,
				4FD3115C286A3F6C00BB55ED /* MetalView.swift in Sources */,
				4FD31159286A3F1F00BB55ED /* Chunk.swift in Sources */,
				4F9E1AE42A7923BB0055A782 /* ShaderTypes.swift in Sources */,
				4F9E1ADB2A791DE80055A782 /* ExampleShader.metal in Sources */,
				4FD31117286A3F0100BB55ED /* Engine.swift in Sources */,
				4FD31123286A3F0100BB55ED /* WorldShader.metal in Sources */,
				4F3B74CC2A40B76B008A508A /* App.swift in Sources */,
				4F3B74C82A408656008A508A /* Renderer.swift in Sources */,
				4FD31151286A3F1F00BB55ED /* WorldGenerator.swift in Sources */,
				4FD31125286A3F0100BB55ED /* WorldRenderer.swift in Sources */,
				4F0220622A402E1A000ACC7E /* Block.swift in Sources */,
				4F0220682A40422B000ACC7E /* ChunkFaces.swift in Sources */,
				4FD31141286A3F1400BB55ED /* Math.swift in Sources */,
				4FD31157286A3F1F00BB55ED /* CoordinateSystem.swift in Sources */,
				4F7645A92B62B22D00E15329 /* GameView.swift in Sources */,
				4FD31153286A3F1F00BB55ED /* NoiseGenerator.swift in Sources */,
				4FD31086286A3C2200BB55ED /* MouseHandler.swift in Sources */,
				4FD31139286A3F0C00BB55ED /* Camera.swift in Sources */,
				4F9E1AE12A7921580055A782 /* RenderableChunk.swift in Sources */,
				4F02206B2A406EC8000ACC7E /* BlockTexture.swift in Sources */,
				4F9E1AE02A7921550055A782 /* ChunkLoader.swift in Sources */,
			);
			runOnlyForDeploymentPostprocessing = 0;
		};
/* End PBXSourcesBuildPhase section */

/* Begin XCBuildConfiguration section */
		4FD3107D286A3BCD00BB55ED /* Debug */ = {
			isa = XCBuildConfiguration;
			buildSettings = {
				ALWAYS_SEARCH_USER_PATHS = NO;
				CLANG_ANALYZER_NONNULL = YES;
				CLANG_ANALYZER_NUMBER_OBJECT_CONVERSION = YES_AGGRESSIVE;
				CLANG_CXX_LANGUAGE_STANDARD = "gnu++17";
				CLANG_ENABLE_MODULES = YES;
				CLANG_ENABLE_OBJC_ARC = YES;
				CLANG_ENABLE_OBJC_WEAK = YES;
				CLANG_WARN_BLOCK_CAPTURE_AUTORELEASING = YES;
				CLANG_WARN_BOOL_CONVERSION = YES;
				CLANG_WARN_COMMA = YES;
				CLANG_WARN_CONSTANT_CONVERSION = YES;
				CLANG_WARN_DEPRECATED_OBJC_IMPLEMENTATIONS = YES;
				CLANG_WARN_DIRECT_OBJC_ISA_USAGE = YES_ERROR;
				CLANG_WARN_DOCUMENTATION_COMMENTS = YES;
				CLANG_WARN_EMPTY_BODY = YES;
				CLANG_WARN_ENUM_CONVERSION = YES;
				CLANG_WARN_INFINITE_RECURSION = YES;
				CLANG_WARN_INT_CONVERSION = YES;
				CLANG_WARN_NON_LITERAL_NULL_CONVERSION = YES;
				CLANG_WARN_OBJC_IMPLICIT_RETAIN_SELF = YES;
				CLANG_WARN_OBJC_LITERAL_CONVERSION = YES;
				CLANG_WARN_OBJC_ROOT_CLASS = YES_ERROR;
				CLANG_WARN_QUOTED_INCLUDE_IN_FRAMEWORK_HEADER = YES;
				CLANG_WARN_RANGE_LOOP_ANALYSIS = YES;
				CLANG_WARN_STRICT_PROTOTYPES = YES;
				CLANG_WARN_SUSPICIOUS_MOVE = YES;
				CLANG_WARN_UNGUARDED_AVAILABILITY = YES_AGGRESSIVE;
				CLANG_WARN_UNREACHABLE_CODE = YES;
				CLANG_WARN__DUPLICATE_METHOD_MATCH = YES;
				COPY_PHASE_STRIP = NO;
				DEAD_CODE_STRIPPING = YES;
				DEBUG_INFORMATION_FORMAT = dwarf;
				ENABLE_STRICT_OBJC_MSGSEND = YES;
				ENABLE_TESTABILITY = YES;
				ENABLE_USER_SCRIPT_SANDBOXING = YES;
				GCC_C_LANGUAGE_STANDARD = gnu11;
				GCC_DYNAMIC_NO_PIC = NO;
				GCC_NO_COMMON_BLOCKS = YES;
				GCC_OPTIMIZATION_LEVEL = 0;
				GCC_PREPROCESSOR_DEFINITIONS = (
					"DEBUG=1",
					"$(inherited)",
				);
				GCC_WARN_64_TO_32_BIT_CONVERSION = YES;
				GCC_WARN_ABOUT_RETURN_TYPE = YES_ERROR;
				GCC_WARN_UNDECLARED_SELECTOR = YES;
				GCC_WARN_UNINITIALIZED_AUTOS = YES_AGGRESSIVE;
				GCC_WARN_UNUSED_FUNCTION = YES;
				GCC_WARN_UNUSED_VARIABLE = YES;
				IPHONEOS_DEPLOYMENT_TARGET = 17.0;
				MTL_ENABLE_DEBUG_INFO = INCLUDE_SOURCE;
				MTL_FAST_MATH = YES;
				ONLY_ACTIVE_ARCH = YES;
				SWIFT_ACTIVE_COMPILATION_CONDITIONS = DEBUG;
				SWIFT_OPTIMIZATION_LEVEL = "-Onone";
			};
			name = Debug;
		};
		4FD3107E286A3BCD00BB55ED /* Release */ = {
			isa = XCBuildConfiguration;
			buildSettings = {
				ALWAYS_SEARCH_USER_PATHS = NO;
				CLANG_ANALYZER_NONNULL = YES;
				CLANG_ANALYZER_NUMBER_OBJECT_CONVERSION = YES_AGGRESSIVE;
				CLANG_CXX_LANGUAGE_STANDARD = "gnu++17";
				CLANG_ENABLE_MODULES = YES;
				CLANG_ENABLE_OBJC_ARC = YES;
				CLANG_ENABLE_OBJC_WEAK = YES;
				CLANG_WARN_BLOCK_CAPTURE_AUTORELEASING = YES;
				CLANG_WARN_BOOL_CONVERSION = YES;
				CLANG_WARN_COMMA = YES;
				CLANG_WARN_CONSTANT_CONVERSION = YES;
				CLANG_WARN_DEPRECATED_OBJC_IMPLEMENTATIONS = YES;
				CLANG_WARN_DIRECT_OBJC_ISA_USAGE = YES_ERROR;
				CLANG_WARN_DOCUMENTATION_COMMENTS = YES;
				CLANG_WARN_EMPTY_BODY = YES;
				CLANG_WARN_ENUM_CONVERSION = YES;
				CLANG_WARN_INFINITE_RECURSION = YES;
				CLANG_WARN_INT_CONVERSION = YES;
				CLANG_WARN_NON_LITERAL_NULL_CONVERSION = YES;
				CLANG_WARN_OBJC_IMPLICIT_RETAIN_SELF = YES;
				CLANG_WARN_OBJC_LITERAL_CONVERSION = YES;
				CLANG_WARN_OBJC_ROOT_CLASS = YES_ERROR;
				CLANG_WARN_QUOTED_INCLUDE_IN_FRAMEWORK_HEADER = YES;
				CLANG_WARN_RANGE_LOOP_ANALYSIS = YES;
				CLANG_WARN_STRICT_PROTOTYPES = YES;
				CLANG_WARN_SUSPICIOUS_MOVE = YES;
				CLANG_WARN_UNGUARDED_AVAILABILITY = YES_AGGRESSIVE;
				CLANG_WARN_UNREACHABLE_CODE = YES;
				CLANG_WARN__DUPLICATE_METHOD_MATCH = YES;
				COPY_PHASE_STRIP = NO;
				DEAD_CODE_STRIPPING = YES;
				DEBUG_INFORMATION_FORMAT = "dwarf-with-dsym";
				ENABLE_NS_ASSERTIONS = NO;
				ENABLE_STRICT_OBJC_MSGSEND = YES;
				ENABLE_USER_SCRIPT_SANDBOXING = YES;
				GCC_C_LANGUAGE_STANDARD = gnu11;
				GCC_NO_COMMON_BLOCKS = YES;
				GCC_WARN_64_TO_32_BIT_CONVERSION = YES;
				GCC_WARN_ABOUT_RETURN_TYPE = YES_ERROR;
				GCC_WARN_UNDECLARED_SELECTOR = YES;
				GCC_WARN_UNINITIALIZED_AUTOS = YES_AGGRESSIVE;
				GCC_WARN_UNUSED_FUNCTION = YES;
				GCC_WARN_UNUSED_VARIABLE = YES;
				IPHONEOS_DEPLOYMENT_TARGET = 17.0;
				MTL_ENABLE_DEBUG_INFO = NO;
				MTL_FAST_MATH = YES;
				SWIFT_COMPILATION_MODE = wholemodule;
				SWIFT_OPTIMIZATION_LEVEL = "-O";
			};
			name = Release;
		};
		4FD31080286A3BCD00BB55ED /* Debug */ = {
			isa = XCBuildConfiguration;
			buildSettings = {
				ASSETCATALOG_COMPILER_APPICON_NAME = AppIcon;
				ASSETCATALOG_COMPILER_GLOBAL_ACCENT_COLOR_NAME = AccentColor;
				CODE_SIGN_STYLE = Automatic;
				CURRENT_PROJECT_VERSION = 1;
				DEVELOPMENT_TEAM = 98589R7VQ2;
				ENABLE_PREVIEWS = YES;
				GENERATE_INFOPLIST_FILE = YES;
				INFOPLIST_KEY_UIApplicationSceneManifest_Generation = YES;
				INFOPLIST_KEY_UIApplicationSupportsIndirectInputEvents = YES;
				INFOPLIST_KEY_UILaunchScreen_Generation = YES;
				INFOPLIST_KEY_UISupportedInterfaceOrientations = "";
				INFOPLIST_KEY_UISupportedInterfaceOrientations_iPad = "UIInterfaceOrientationPortrait UIInterfaceOrientationPortraitUpsideDown UIInterfaceOrientationLandscapeLeft UIInterfaceOrientationLandscapeRight";
				INFOPLIST_KEY_UISupportedInterfaceOrientations_iPhone = "UIInterfaceOrientationPortrait UIInterfaceOrientationLandscapeLeft UIInterfaceOrientationLandscapeRight";
				IPHONEOS_DEPLOYMENT_TARGET = 17.0;
				LD_RUNPATH_SEARCH_PATHS = (
					"$(inherited)",
					"@executable_path/Frameworks",
				);
				MARKETING_VERSION = 1.0;
				PRODUCT_BUNDLE_IDENTIFIER = "Kermo-Saarse.MetalCraft";
				PRODUCT_NAME = MetalCraft;
				SDKROOT = iphoneos;
				SWIFT_EMIT_LOC_STRINGS = YES;
				SWIFT_VERSION = 5.0;
				TARGETED_DEVICE_FAMILY = "1,2";
			};
			name = Debug;
		};
		4FD31081286A3BCD00BB55ED /* Release */ = {
			isa = XCBuildConfiguration;
			buildSettings = {
				ASSETCATALOG_COMPILER_APPICON_NAME = AppIcon;
				ASSETCATALOG_COMPILER_GLOBAL_ACCENT_COLOR_NAME = AccentColor;
				CODE_SIGN_STYLE = Automatic;
				CURRENT_PROJECT_VERSION = 1;
				DEVELOPMENT_TEAM = 98589R7VQ2;
				ENABLE_PREVIEWS = YES;
				GENERATE_INFOPLIST_FILE = YES;
				INFOPLIST_KEY_UIApplicationSceneManifest_Generation = YES;
				INFOPLIST_KEY_UIApplicationSupportsIndirectInputEvents = YES;
				INFOPLIST_KEY_UILaunchScreen_Generation = YES;
				INFOPLIST_KEY_UISupportedInterfaceOrientations = "";
				INFOPLIST_KEY_UISupportedInterfaceOrientations_iPad = "UIInterfaceOrientationPortrait UIInterfaceOrientationPortraitUpsideDown UIInterfaceOrientationLandscapeLeft UIInterfaceOrientationLandscapeRight";
				INFOPLIST_KEY_UISupportedInterfaceOrientations_iPhone = "UIInterfaceOrientationPortrait UIInterfaceOrientationLandscapeLeft UIInterfaceOrientationLandscapeRight";
				IPHONEOS_DEPLOYMENT_TARGET = 17.0;
				LD_RUNPATH_SEARCH_PATHS = (
					"$(inherited)",
					"@executable_path/Frameworks",
				);
				MARKETING_VERSION = 1.0;
				PRODUCT_BUNDLE_IDENTIFIER = "Kermo-Saarse.MetalCraft";
				PRODUCT_NAME = MetalCraft;
				SDKROOT = iphoneos;
				SWIFT_EMIT_LOC_STRINGS = YES;
				SWIFT_VERSION = 5.0;
				TARGETED_DEVICE_FAMILY = "1,2";
				VALIDATE_PRODUCT = YES;
			};
			name = Release;
		};
		4FD31083286A3BCD00BB55ED /* Debug */ = {
			isa = XCBuildConfiguration;
			buildSettings = {
				ASSETCATALOG_COMPILER_APPICON_NAME = AppIcon;
				ASSETCATALOG_COMPILER_GLOBAL_ACCENT_COLOR_NAME = AccentColor;
				CODE_SIGN_ENTITLEMENTS = macOS/macOS.entitlements;
				CODE_SIGN_STYLE = Automatic;
				COMBINE_HIDPI_IMAGES = YES;
				CURRENT_PROJECT_VERSION = 1;
				DEAD_CODE_STRIPPING = YES;
				DEVELOPMENT_TEAM = 98589R7VQ2;
				ENABLE_HARDENED_RUNTIME = YES;
				ENABLE_PREVIEWS = YES;
				GENERATE_INFOPLIST_FILE = YES;
				INFOPLIST_KEY_NSHumanReadableCopyright = "";
				LD_RUNPATH_SEARCH_PATHS = (
					"$(inherited)",
					"@executable_path/../Frameworks",
				);
				MACOSX_DEPLOYMENT_TARGET = 14.0;
				MARKETING_VERSION = 1.0;
				PRODUCT_BUNDLE_IDENTIFIER = "Kermo-Saarse.MetalCraft";
				PRODUCT_NAME = MetalCraft;
				SDKROOT = macosx;
				SWIFT_EMIT_LOC_STRINGS = YES;
				SWIFT_VERSION = 5.0;
			};
			name = Debug;
		};
		4FD31084286A3BCD00BB55ED /* Release */ = {
			isa = XCBuildConfiguration;
			buildSettings = {
				ASSETCATALOG_COMPILER_APPICON_NAME = AppIcon;
				ASSETCATALOG_COMPILER_GLOBAL_ACCENT_COLOR_NAME = AccentColor;
				CODE_SIGN_ENTITLEMENTS = macOS/macOS.entitlements;
				CODE_SIGN_STYLE = Automatic;
				COMBINE_HIDPI_IMAGES = YES;
				CURRENT_PROJECT_VERSION = 1;
				DEAD_CODE_STRIPPING = YES;
				DEVELOPMENT_TEAM = 98589R7VQ2;
				ENABLE_HARDENED_RUNTIME = YES;
				ENABLE_PREVIEWS = YES;
				GENERATE_INFOPLIST_FILE = YES;
				INFOPLIST_KEY_NSHumanReadableCopyright = "";
				LD_RUNPATH_SEARCH_PATHS = (
					"$(inherited)",
					"@executable_path/../Frameworks",
				);
				MACOSX_DEPLOYMENT_TARGET = 14.0;
				MARKETING_VERSION = 1.0;
				PRODUCT_BUNDLE_IDENTIFIER = "Kermo-Saarse.MetalCraft";
				PRODUCT_NAME = MetalCraft;
				SDKROOT = macosx;
				SWIFT_EMIT_LOC_STRINGS = YES;
				SWIFT_VERSION = 5.0;
			};
			name = Release;
		};
/* End XCBuildConfiguration section */

/* Begin XCConfigurationList section */
		4FD31065286A3BCC00BB55ED /* Build configuration list for PBXProject "MetalCraft" */ = {
			isa = XCConfigurationList;
			buildConfigurations = (
				4FD3107D286A3BCD00BB55ED /* Debug */,
				4FD3107E286A3BCD00BB55ED /* Release */,
			);
			defaultConfigurationIsVisible = 0;
			defaultConfigurationName = Release;
		};
		4FD3107F286A3BCD00BB55ED /* Build configuration list for PBXNativeTarget "MetalCraft (iOS)" */ = {
			isa = XCConfigurationList;
			buildConfigurations = (
				4FD31080286A3BCD00BB55ED /* Debug */,
				4FD31081286A3BCD00BB55ED /* Release */,
			);
			defaultConfigurationIsVisible = 0;
			defaultConfigurationName = Release;
		};
		4FD31082286A3BCD00BB55ED /* Build configuration list for PBXNativeTarget "MetalCraft (macOS)" */ = {
			isa = XCConfigurationList;
			buildConfigurations = (
				4FD31083286A3BCD00BB55ED /* Debug */,
				4FD31084286A3BCD00BB55ED /* Release */,
			);
			defaultConfigurationIsVisible = 0;
			defaultConfigurationName = Release;
		};
/* End XCConfigurationList section */
	};
	rootObject = 4FD31062286A3BCC00BB55ED /* Project object */;
}
