// !$*UTF8*$!
{
	archiveVersion = 1;
	classes = {
	};
	objectVersion = 55;
	objects = {

/* Begin PBXBuildFile section */
		4F0220612A402E1A000ACC7E /* Block.swift in Sources */ = {isa = PBXBuildFile; fileRef = 4F0220602A402E1A000ACC7E /* Block.swift */; };
		4F0220622A402E1A000ACC7E /* Block.swift in Sources */ = {isa = PBXBuildFile; fileRef = 4F0220602A402E1A000ACC7E /* Block.swift */; };
		4F0220672A40422B000ACC7E /* ChunkFaces.swift in Sources */ = {isa = PBXBuildFile; fileRef = 4F0220662A40422A000ACC7E /* ChunkFaces.swift */; };
		4F0220682A40422B000ACC7E /* ChunkFaces.swift in Sources */ = {isa = PBXBuildFile; fileRef = 4F0220662A40422A000ACC7E /* ChunkFaces.swift */; };
		4F050C2D2B683409007269BB /* GameButton.swift in Sources */ = {isa = PBXBuildFile; fileRef = 4F050C2C2B683409007269BB /* GameButton.swift */; };
		4F0D90582E11BEE50075F38B /* orange_bricks.png in Resources */ = {isa = PBXBuildFile; fileRef = 4F0D90562E11BEE50075F38B /* orange_bricks.png */; };
		4F0D90592E11BEE50075F38B /* blue_bricks.png in Resources */ = {isa = PBXBuildFile; fileRef = 4F0D90542E11BEE50075F38B /* blue_bricks.png */; };
		4F0D905A2E11BEE50075F38B /* lime_bricks.png in Resources */ = {isa = PBXBuildFile; fileRef = 4F0D90552E11BEE50075F38B /* lime_bricks.png */; };
		4F0D905B2E11BEE50075F38B /* purple_bricks.png in Resources */ = {isa = PBXBuildFile; fileRef = 4F0D90572E11BEE50075F38B /* purple_bricks.png */; };
		4F0D905C2E11BEE50075F38B /* orange_bricks.png in Resources */ = {isa = PBXBuildFile; fileRef = 4F0D90562E11BEE50075F38B /* orange_bricks.png */; };
		4F0D905D2E11BEE50075F38B /* blue_bricks.png in Resources */ = {isa = PBXBuildFile; fileRef = 4F0D90542E11BEE50075F38B /* blue_bricks.png */; };
		4F0D905E2E11BEE50075F38B /* lime_bricks.png in Resources */ = {isa = PBXBuildFile; fileRef = 4F0D90552E11BEE50075F38B /* lime_bricks.png */; };
		4F0D905F2E11BEE50075F38B /* purple_bricks.png in Resources */ = {isa = PBXBuildFile; fileRef = 4F0D90572E11BEE50075F38B /* purple_bricks.png */; };
		4F1288992B703B5C003860E8 /* WorldGenerator.swift in Sources */ = {isa = PBXBuildFile; fileRef = 4F1288982B703B5C003860E8 /* WorldGenerator.swift */; };
		4F12889A2B703B5C003860E8 /* WorldGenerator.swift in Sources */ = {isa = PBXBuildFile; fileRef = 4F1288982B703B5C003860E8 /* WorldGenerator.swift */; };
		4F2FD3732A78655B00AB43D0 /* App.swift in Sources */ = {isa = PBXBuildFile; fileRef = 4F2FD3722A78655B00AB43D0 /* App.swift */; };
		4F3B74C72A408656008A508A /* MetalScene.swift in Sources */ = {isa = PBXBuildFile; fileRef = 4F3B74C62A408656008A508A /* MetalScene.swift */; };
		4F3B74C82A408656008A508A /* MetalScene.swift in Sources */ = {isa = PBXBuildFile; fileRef = 4F3B74C62A408656008A508A /* MetalScene.swift */; };
		4F3B74CC2A40B76B008A508A /* App.swift in Sources */ = {isa = PBXBuildFile; fileRef = 4F3B74CA2A40B76B008A508A /* App.swift */; };
		4F5AA4D32E171E5800538197 /* snow.png in Resources */ = {isa = PBXBuildFile; fileRef = 4F5AA4CC2E171E5800538197 /* snow.png */; };
		4F5AA4D42E171E5800538197 /* cold_leaves.png in Resources */ = {isa = PBXBuildFile; fileRef = 4F5AA4C52E171E5800538197 /* cold_leaves.png */; };
		4F5AA4D52E171E5800538197 /* snow_leaves.png in Resources */ = {isa = PBXBuildFile; fileRef = 4F5AA4CE2E171E5800538197 /* snow_leaves.png */; };
		4F5AA4D62E171E5800538197 /* gray_wood_bark.png in Resources */ = {isa = PBXBuildFile; fileRef = 4F5AA4CA2E171E5800538197 /* gray_wood_bark.png */; };
		4F5AA4D72E171E5800538197 /* dry_grass.png in Resources */ = {isa = PBXBuildFile; fileRef = 4F5AA4C62E171E5800538197 /* dry_grass.png */; };
		4F5AA4D82E171E5800538197 /* warm_grass_dirt.png in Resources */ = {isa = PBXBuildFile; fileRef = 4F5AA4D02E171E5800538197 /* warm_grass_dirt.png */; };
		4F5AA4D92E171E5800538197 /* cold_grass_sand.png in Resources */ = {isa = PBXBuildFile; fileRef = 4F5AA4C42E171E5800538197 /* cold_grass_sand.png */; };
		4F5AA4DA2E171E5800538197 /* gray_wood_cut.png in Resources */ = {isa = PBXBuildFile; fileRef = 4F5AA4CB2E171E5800538197 /* gray_wood_cut.png */; };
		4F5AA4DB2E171E5800538197 /* snow_dirt.png in Resources */ = {isa = PBXBuildFile; fileRef = 4F5AA4CD2E171E5800538197 /* snow_dirt.png */; };
		4F5AA4DC2E171E5800538197 /* autumn_green_leaves.png in Resources */ = {isa = PBXBuildFile; fileRef = 4F5AA4C92E171E5800538197 /* autumn_green_leaves.png */; };
		4F5AA4DD2E171E5800538197 /* cold_grass.png in Resources */ = {isa = PBXBuildFile; fileRef = 4F5AA4C22E171E5800538197 /* cold_grass.png */; };
		4F5AA4DE2E171E5800538197 /* cold_grass_dirt.png in Resources */ = {isa = PBXBuildFile; fileRef = 4F5AA4C32E171E5800538197 /* cold_grass_dirt.png */; };
		4F5AA4DF2E171E5800538197 /* brown_wood_cut.png in Resources */ = {isa = PBXBuildFile; fileRef = 4F5AA4C12E171E5800538197 /* brown_wood_cut.png */; };
		4F5AA4E02E171E5800538197 /* dry_grass_sand.png in Resources */ = {isa = PBXBuildFile; fileRef = 4F5AA4C82E171E5800538197 /* dry_grass_sand.png */; };
		4F5AA4E12E171E5800538197 /* warm_grass.png in Resources */ = {isa = PBXBuildFile; fileRef = 4F5AA4CF2E171E5800538197 /* warm_grass.png */; };
		4F5AA4E22E171E5800538197 /* warm_leaves.png in Resources */ = {isa = PBXBuildFile; fileRef = 4F5AA4D22E171E5800538197 /* warm_leaves.png */; };
		4F5AA4E32E171E5800538197 /* brown_wood_bark.png in Resources */ = {isa = PBXBuildFile; fileRef = 4F5AA4C02E171E5800538197 /* brown_wood_bark.png */; };
		4F5AA4E42E171E5800538197 /* dry_grass_dirt.png in Resources */ = {isa = PBXBuildFile; fileRef = 4F5AA4C72E171E5800538197 /* dry_grass_dirt.png */; };
		4F5AA4E52E171E5800538197 /* warm_grass_sand.png in Resources */ = {isa = PBXBuildFile; fileRef = 4F5AA4D12E171E5800538197 /* warm_grass_sand.png */; };
		4F5AA4E62E171E5800538197 /* snow.png in Resources */ = {isa = PBXBuildFile; fileRef = 4F5AA4CC2E171E5800538197 /* snow.png */; };
		4F5AA4E72E171E5800538197 /* cold_leaves.png in Resources */ = {isa = PBXBuildFile; fileRef = 4F5AA4C52E171E5800538197 /* cold_leaves.png */; };
		4F5AA4E82E171E5800538197 /* snow_leaves.png in Resources */ = {isa = PBXBuildFile; fileRef = 4F5AA4CE2E171E5800538197 /* snow_leaves.png */; };
		4F5AA4E92E171E5800538197 /* gray_wood_bark.png in Resources */ = {isa = PBXBuildFile; fileRef = 4F5AA4CA2E171E5800538197 /* gray_wood_bark.png */; };
		4F5AA4EA2E171E5800538197 /* dry_grass.png in Resources */ = {isa = PBXBuildFile; fileRef = 4F5AA4C62E171E5800538197 /* dry_grass.png */; };
		4F5AA4EB2E171E5800538197 /* warm_grass_dirt.png in Resources */ = {isa = PBXBuildFile; fileRef = 4F5AA4D02E171E5800538197 /* warm_grass_dirt.png */; };
		4F5AA4EC2E171E5800538197 /* cold_grass_sand.png in Resources */ = {isa = PBXBuildFile; fileRef = 4F5AA4C42E171E5800538197 /* cold_grass_sand.png */; };
		4F5AA4ED2E171E5800538197 /* gray_wood_cut.png in Resources */ = {isa = PBXBuildFile; fileRef = 4F5AA4CB2E171E5800538197 /* gray_wood_cut.png */; };
		4F5AA4EE2E171E5800538197 /* snow_dirt.png in Resources */ = {isa = PBXBuildFile; fileRef = 4F5AA4CD2E171E5800538197 /* snow_dirt.png */; };
		4F5AA4EF2E171E5800538197 /* autumn_green_leaves.png in Resources */ = {isa = PBXBuildFile; fileRef = 4F5AA4C92E171E5800538197 /* autumn_green_leaves.png */; };
		4F5AA4F02E171E5800538197 /* cold_grass.png in Resources */ = {isa = PBXBuildFile; fileRef = 4F5AA4C22E171E5800538197 /* cold_grass.png */; };
		4F5AA4F12E171E5800538197 /* cold_grass_dirt.png in Resources */ = {isa = PBXBuildFile; fileRef = 4F5AA4C32E171E5800538197 /* cold_grass_dirt.png */; };
		4F5AA4F22E171E5800538197 /* brown_wood_cut.png in Resources */ = {isa = PBXBuildFile; fileRef = 4F5AA4C12E171E5800538197 /* brown_wood_cut.png */; };
		4F5AA4F32E171E5800538197 /* dry_grass_sand.png in Resources */ = {isa = PBXBuildFile; fileRef = 4F5AA4C82E171E5800538197 /* dry_grass_sand.png */; };
		4F5AA4F42E171E5800538197 /* warm_grass.png in Resources */ = {isa = PBXBuildFile; fileRef = 4F5AA4CF2E171E5800538197 /* warm_grass.png */; };
		4F5AA4F52E171E5800538197 /* warm_leaves.png in Resources */ = {isa = PBXBuildFile; fileRef = 4F5AA4D22E171E5800538197 /* warm_leaves.png */; };
		4F5AA4F62E171E5800538197 /* brown_wood_bark.png in Resources */ = {isa = PBXBuildFile; fileRef = 4F5AA4C02E171E5800538197 /* brown_wood_bark.png */; };
		4F5AA4F72E171E5800538197 /* dry_grass_dirt.png in Resources */ = {isa = PBXBuildFile; fileRef = 4F5AA4C72E171E5800538197 /* dry_grass_dirt.png */; };
		4F5AA4F82E171E5800538197 /* warm_grass_sand.png in Resources */ = {isa = PBXBuildFile; fileRef = 4F5AA4D12E171E5800538197 /* warm_grass_sand.png */; };
		4F5AA4FA2E1721BA00538197 /* StructureGenerator.swift in Sources */ = {isa = PBXBuildFile; fileRef = 4F5AA4F92E1721BA00538197 /* StructureGenerator.swift */; };
		4F5AA4FB2E1721BA00538197 /* StructureGenerator.swift in Sources */ = {isa = PBXBuildFile; fileRef = 4F5AA4F92E1721BA00538197 /* StructureGenerator.swift */; };
		4F5AA4FF2E1721D500538197 /* Structure.swift in Sources */ = {isa = PBXBuildFile; fileRef = 4F5AA4FD2E1721D500538197 /* Structure.swift */; };
		4F5AA5012E1721D500538197 /* Structure.swift in Sources */ = {isa = PBXBuildFile; fileRef = 4F5AA4FD2E1721D500538197 /* Structure.swift */; };
		4F5AA5052E17275000538197 /* cold_grass_stone.png in Resources */ = {isa = PBXBuildFile; fileRef = 4F5AA5022E17275000538197 /* cold_grass_stone.png */; };
		4F5AA5062E17275000538197 /* dry_grass_stone.png in Resources */ = {isa = PBXBuildFile; fileRef = 4F5AA5032E17275000538197 /* dry_grass_stone.png */; };
		4F5AA5072E17275000538197 /* warm_grass_stone.png in Resources */ = {isa = PBXBuildFile; fileRef = 4F5AA5042E17275000538197 /* warm_grass_stone.png */; };
		4F5AA5082E17275000538197 /* cold_grass_stone.png in Resources */ = {isa = PBXBuildFile; fileRef = 4F5AA5022E17275000538197 /* cold_grass_stone.png */; };
		4F5AA5092E17275000538197 /* dry_grass_stone.png in Resources */ = {isa = PBXBuildFile; fileRef = 4F5AA5032E17275000538197 /* dry_grass_stone.png */; };
		4F5AA50A2E17275000538197 /* warm_grass_stone.png in Resources */ = {isa = PBXBuildFile; fileRef = 4F5AA5042E17275000538197 /* warm_grass_stone.png */; };
		4F7645A92B62B22D00E15329 /* MacOSGameView.swift in Sources */ = {isa = PBXBuildFile; fileRef = 4F7645A82B62B22D00E15329 /* MacOSGameView.swift */; };
		4F8640092C28176F00C9ED85 /* FlyingCamera.swift in Sources */ = {isa = PBXBuildFile; fileRef = 4F8640082C28176F00C9ED85 /* FlyingCamera.swift */; };
		4F86400A2C28176F00C9ED85 /* FlyingCamera.swift in Sources */ = {isa = PBXBuildFile; fileRef = 4F8640082C28176F00C9ED85 /* FlyingCamera.swift */; };
		4F9E1AD72A79186F0055A782 /* ExampleScene.swift in Sources */ = {isa = PBXBuildFile; fileRef = 4F9E1AD62A79186F0055A782 /* ExampleScene.swift */; };
		4F9E1AD92A7919000055A782 /* ExampleShader.metal in Sources */ = {isa = PBXBuildFile; fileRef = 4F9E1AD82A7919000055A782 /* ExampleShader.metal */; };
		4F9E1ADA2A791DE40055A782 /* ExampleScene.swift in Sources */ = {isa = PBXBuildFile; fileRef = 4F9E1AD62A79186F0055A782 /* ExampleScene.swift */; };
		4F9E1ADB2A791DE80055A782 /* ExampleShader.metal in Sources */ = {isa = PBXBuildFile; fileRef = 4F9E1AD82A7919000055A782 /* ExampleShader.metal */; };
		4F9E1ADD2A7920CB0055A782 /* RenderableChunk.swift in Sources */ = {isa = PBXBuildFile; fileRef = 4F9E1ADC2A7920CB0055A782 /* RenderableChunk.swift */; };
		4F9E1ADF2A7921550055A782 /* ChunkLoader.swift in Sources */ = {isa = PBXBuildFile; fileRef = 4F9E1ADE2A7921550055A782 /* ChunkLoader.swift */; };
		4F9E1AE02A7921550055A782 /* ChunkLoader.swift in Sources */ = {isa = PBXBuildFile; fileRef = 4F9E1ADE2A7921550055A782 /* ChunkLoader.swift */; };
		4F9E1AE12A7921580055A782 /* RenderableChunk.swift in Sources */ = {isa = PBXBuildFile; fileRef = 4F9E1ADC2A7920CB0055A782 /* RenderableChunk.swift */; };
		4F9E1AE32A7923BB0055A782 /* ShaderTypes.swift in Sources */ = {isa = PBXBuildFile; fileRef = 4F9E1AE22A7923BB0055A782 /* ShaderTypes.swift */; };
		4F9E1AE42A7923BB0055A782 /* ShaderTypes.swift in Sources */ = {isa = PBXBuildFile; fileRef = 4F9E1AE22A7923BB0055A782 /* ShaderTypes.swift */; };
		4F9EAA1A2B69BC340080B613 /* iOSGameView.swift in Sources */ = {isa = PBXBuildFile; fileRef = 4F9EAA192B69BC340080B613 /* iOSGameView.swift */; };
		4F9EAA1D2B69BCA00080B613 /* PositionLabel.swift in Sources */ = {isa = PBXBuildFile; fileRef = 4F9EAA1C2B69BCA00080B613 /* PositionLabel.swift */; };
		4F9EAA1E2B69BD960080B613 /* PositionLabel.swift in Sources */ = {isa = PBXBuildFile; fileRef = 4F9EAA1C2B69BCA00080B613 /* PositionLabel.swift */; };
		4FA26CE92C27576700AABCD6 /* BlockOrientation.swift in Sources */ = {isa = PBXBuildFile; fileRef = 4FA26CE82C27576700AABCD6 /* BlockOrientation.swift */; };
		4FA26CEA2C27576700AABCD6 /* BlockOrientation.swift in Sources */ = {isa = PBXBuildFile; fileRef = 4FA26CE82C27576700AABCD6 /* BlockOrientation.swift */; };
		4FADDE8D2E1961DA00F59698 /* spruce_leaves.png in Resources */ = {isa = PBXBuildFile; fileRef = 4FADDE8C2E1961DA00F59698 /* spruce_leaves.png */; };
		4FADDE8E2E1961DA00F59698 /* spruce_leaves.png in Resources */ = {isa = PBXBuildFile; fileRef = 4FADDE8C2E1961DA00F59698 /* spruce_leaves.png */; };
		4FADDE902E19658000F59698 /* snow_spruce_leaves.png in Resources */ = {isa = PBXBuildFile; fileRef = 4FADDE8F2E19658000F59698 /* snow_spruce_leaves.png */; };
		4FADDE912E19658000F59698 /* snow_spruce_leaves.png in Resources */ = {isa = PBXBuildFile; fileRef = 4FADDE8F2E19658000F59698 /* snow_spruce_leaves.png */; };
		4FADDE952E1990D200F59698 /* dry_grass_leaves_2.png in Resources */ = {isa = PBXBuildFile; fileRef = 4FADDE932E1990D200F59698 /* dry_grass_leaves_2.png */; };
		4FADDE962E1990D200F59698 /* dry_grass_leaves_3.png in Resources */ = {isa = PBXBuildFile; fileRef = 4FADDE942E1990D200F59698 /* dry_grass_leaves_3.png */; };
		4FADDE972E1990D200F59698 /* dry_grass_leaves_1.png in Resources */ = {isa = PBXBuildFile; fileRef = 4FADDE922E1990D200F59698 /* dry_grass_leaves_1.png */; };
		4FADDE982E1990D200F59698 /* dry_grass_leaves_2.png in Resources */ = {isa = PBXBuildFile; fileRef = 4FADDE932E1990D200F59698 /* dry_grass_leaves_2.png */; };
		4FADDE992E1990D200F59698 /* dry_grass_leaves_3.png in Resources */ = {isa = PBXBuildFile; fileRef = 4FADDE942E1990D200F59698 /* dry_grass_leaves_3.png */; };
		4FADDE9A2E1990D200F59698 /* dry_grass_leaves_1.png in Resources */ = {isa = PBXBuildFile; fileRef = 4FADDE922E1990D200F59698 /* dry_grass_leaves_1.png */; };
		4FCCABB62C2B808700F51327 /* dirt.png in Resources */ = {isa = PBXBuildFile; fileRef = 4FCCAB992C2B808600F51327 /* dirt.png */; };
		4FCCABB72C2B808700F51327 /* dirt.png in Resources */ = {isa = PBXBuildFile; fileRef = 4FCCAB992C2B808600F51327 /* dirt.png */; };
		4FCCABD62C2B808700F51327 /* granite_orange.png in Resources */ = {isa = PBXBuildFile; fileRef = 4FCCABA92C2B808600F51327 /* granite_orange.png */; };
		4FCCABD72C2B808700F51327 /* granite_orange.png in Resources */ = {isa = PBXBuildFile; fileRef = 4FCCABA92C2B808600F51327 /* granite_orange.png */; };
		4FCCABDC2C2B808700F51327 /* sand.png in Resources */ = {isa = PBXBuildFile; fileRef = 4FCCABAC2C2B808600F51327 /* sand.png */; };
		4FCCABDD2C2B808700F51327 /* sand.png in Resources */ = {isa = PBXBuildFile; fileRef = 4FCCABAC2C2B808600F51327 /* sand.png */; };
		4FCCABE62C2B808700F51327 /* stone.png in Resources */ = {isa = PBXBuildFile; fileRef = 4FCCABB12C2B808600F51327 /* stone.png */; };
		4FCCABE72C2B808700F51327 /* stone.png in Resources */ = {isa = PBXBuildFile; fileRef = 4FCCABB12C2B808600F51327 /* stone.png */; };
		4FD3107B286A3BCD00BB55ED /* Assets.xcassets in Resources */ = {isa = PBXBuildFile; fileRef = 4FD31069286A3BCD00BB55ED /* Assets.xcassets */; };
		4FD3107C286A3BCD00BB55ED /* Assets.xcassets in Resources */ = {isa = PBXBuildFile; fileRef = 4FD31069286A3BCD00BB55ED /* Assets.xcassets */; };
		4FD31086286A3C2200BB55ED /* MouseHandler.swift in Sources */ = {isa = PBXBuildFile; fileRef = 4FD31085286A3C2200BB55ED /* MouseHandler.swift */; };
		4FD31116286A3F0100BB55ED /* Engine.swift in Sources */ = {isa = PBXBuildFile; fileRef = 4FD310EC286A3F0100BB55ED /* Engine.swift */; };
		4FD31117286A3F0100BB55ED /* Engine.swift in Sources */ = {isa = PBXBuildFile; fileRef = 4FD310EC286A3F0100BB55ED /* Engine.swift */; };
		4FD31122286A3F0100BB55ED /* WorldShader.metal in Sources */ = {isa = PBXBuildFile; fileRef = 4FD310F3286A3F0100BB55ED /* WorldShader.metal */; };
		4FD31123286A3F0100BB55ED /* WorldShader.metal in Sources */ = {isa = PBXBuildFile; fileRef = 4FD310F3286A3F0100BB55ED /* WorldShader.metal */; };
		4FD31124286A3F0100BB55ED /* WorldScene.swift in Sources */ = {isa = PBXBuildFile; fileRef = 4FD310F4286A3F0100BB55ED /* WorldScene.swift */; };
		4FD31125286A3F0100BB55ED /* WorldScene.swift in Sources */ = {isa = PBXBuildFile; fileRef = 4FD310F4286A3F0100BB55ED /* WorldScene.swift */; };
		4FD31126286A3F0100BB55ED /* Types.swift in Sources */ = {isa = PBXBuildFile; fileRef = 4FD310F5286A3F0100BB55ED /* Types.swift */; };
		4FD31127286A3F0100BB55ED /* Types.swift in Sources */ = {isa = PBXBuildFile; fileRef = 4FD310F5286A3F0100BB55ED /* Types.swift */; };
		4FD31138286A3F0C00BB55ED /* Camera.swift in Sources */ = {isa = PBXBuildFile; fileRef = 4FD3112E286A3F0C00BB55ED /* Camera.swift */; };
		4FD31139286A3F0C00BB55ED /* Camera.swift in Sources */ = {isa = PBXBuildFile; fileRef = 4FD3112E286A3F0C00BB55ED /* Camera.swift */; };
		4FD31140286A3F1400BB55ED /* Math.swift in Sources */ = {isa = PBXBuildFile; fileRef = 4FD3113D286A3F1400BB55ED /* Math.swift */; };
		4FD31141286A3F1400BB55ED /* Math.swift in Sources */ = {isa = PBXBuildFile; fileRef = 4FD3113D286A3F1400BB55ED /* Math.swift */; };
		4FD31150286A3F1F00BB55ED /* ExampleWorld.swift in Sources */ = {isa = PBXBuildFile; fileRef = 4FD31148286A3F1F00BB55ED /* ExampleWorld.swift */; };
		4FD31151286A3F1F00BB55ED /* ExampleWorld.swift in Sources */ = {isa = PBXBuildFile; fileRef = 4FD31148286A3F1F00BB55ED /* ExampleWorld.swift */; };
		4FD31152286A3F1F00BB55ED /* NoiseGenerator.swift in Sources */ = {isa = PBXBuildFile; fileRef = 4FD3114A286A3F1F00BB55ED /* NoiseGenerator.swift */; };
		4FD31153286A3F1F00BB55ED /* NoiseGenerator.swift in Sources */ = {isa = PBXBuildFile; fileRef = 4FD3114A286A3F1F00BB55ED /* NoiseGenerator.swift */; };
		4FD31154286A3F1F00BB55ED /* SimplexNoise.swift in Sources */ = {isa = PBXBuildFile; fileRef = 4FD3114B286A3F1F00BB55ED /* SimplexNoise.swift */; };
		4FD31155286A3F1F00BB55ED /* SimplexNoise.swift in Sources */ = {isa = PBXBuildFile; fileRef = 4FD3114B286A3F1F00BB55ED /* SimplexNoise.swift */; };
		4FD31156286A3F1F00BB55ED /* CoordinateSystem.swift in Sources */ = {isa = PBXBuildFile; fileRef = 4FD3114C286A3F1F00BB55ED /* CoordinateSystem.swift */; };
		4FD31157286A3F1F00BB55ED /* CoordinateSystem.swift in Sources */ = {isa = PBXBuildFile; fileRef = 4FD3114C286A3F1F00BB55ED /* CoordinateSystem.swift */; };
		4FD31158286A3F1F00BB55ED /* Chunk.swift in Sources */ = {isa = PBXBuildFile; fileRef = 4FD3114D286A3F1F00BB55ED /* Chunk.swift */; };
		4FD31159286A3F1F00BB55ED /* Chunk.swift in Sources */ = {isa = PBXBuildFile; fileRef = 4FD3114D286A3F1F00BB55ED /* Chunk.swift */; };
		4FD3115B286A3F6C00BB55ED /* MetalView.swift in Sources */ = {isa = PBXBuildFile; fileRef = 4FD3115A286A3F6C00BB55ED /* MetalView.swift */; };
		4FD3115C286A3F6C00BB55ED /* MetalView.swift in Sources */ = {isa = PBXBuildFile; fileRef = 4FD3115A286A3F6C00BB55ED /* MetalView.swift */; };
		4FD81BEF2E186A4000D4145F /* warm_grass_flowers_1.png in Resources */ = {isa = PBXBuildFile; fileRef = 4FD81BEB2E186A4000D4145F /* warm_grass_flowers_1.png */; };
		4FD81BF02E186A4000D4145F /* warm_grass_flowers_3.png in Resources */ = {isa = PBXBuildFile; fileRef = 4FD81BED2E186A4000D4145F /* warm_grass_flowers_3.png */; };
		4FD81BF12E186A4000D4145F /* warm_grass_flowers_2.png in Resources */ = {isa = PBXBuildFile; fileRef = 4FD81BEC2E186A4000D4145F /* warm_grass_flowers_2.png */; };
		4FD81BF32E186A4000D4145F /* cold_grass_flowers_2.png in Resources */ = {isa = PBXBuildFile; fileRef = 4FD81BE62E186A4000D4145F /* cold_grass_flowers_2.png */; };
		4FD81BF42E186A4000D4145F /* cold_grass_flowers_3.png in Resources */ = {isa = PBXBuildFile; fileRef = 4FD81BE72E186A4000D4145F /* cold_grass_flowers_3.png */; };
		4FD81BF52E186A4000D4145F /* cold_grass_flowers_1.png in Resources */ = {isa = PBXBuildFile; fileRef = 4FD81BE52E186A4000D4145F /* cold_grass_flowers_1.png */; };
		4FD81BF82E186A4000D4145F /* warm_grass_flowers_1.png in Resources */ = {isa = PBXBuildFile; fileRef = 4FD81BEB2E186A4000D4145F /* warm_grass_flowers_1.png */; };
		4FD81BF92E186A4000D4145F /* warm_grass_flowers_3.png in Resources */ = {isa = PBXBuildFile; fileRef = 4FD81BED2E186A4000D4145F /* warm_grass_flowers_3.png */; };
		4FD81BFA2E186A4000D4145F /* warm_grass_flowers_2.png in Resources */ = {isa = PBXBuildFile; fileRef = 4FD81BEC2E186A4000D4145F /* warm_grass_flowers_2.png */; };
		4FD81BFC2E186A4000D4145F /* cold_grass_flowers_2.png in Resources */ = {isa = PBXBuildFile; fileRef = 4FD81BE62E186A4000D4145F /* cold_grass_flowers_2.png */; };
		4FD81BFD2E186A4000D4145F /* cold_grass_flowers_3.png in Resources */ = {isa = PBXBuildFile; fileRef = 4FD81BE72E186A4000D4145F /* cold_grass_flowers_3.png */; };
		4FD81BFE2E186A4000D4145F /* cold_grass_flowers_1.png in Resources */ = {isa = PBXBuildFile; fileRef = 4FD81BE52E186A4000D4145F /* cold_grass_flowers_1.png */; };
		4FD81C022E187D9300D4145F /* autumn_yellow_leaves.png in Resources */ = {isa = PBXBuildFile; fileRef = 4FD81C012E187D9300D4145F /* autumn_yellow_leaves.png */; };
		4FD81C032E187D9300D4145F /* autumn_orange_leaves.png in Resources */ = {isa = PBXBuildFile; fileRef = 4FD81C002E187D9300D4145F /* autumn_orange_leaves.png */; };
		4FD81C042E187D9300D4145F /* autumn_yellow_leaves.png in Resources */ = {isa = PBXBuildFile; fileRef = 4FD81C012E187D9300D4145F /* autumn_yellow_leaves.png */; };
		4FD81C052E187D9300D4145F /* autumn_orange_leaves.png in Resources */ = {isa = PBXBuildFile; fileRef = 4FD81C002E187D9300D4145F /* autumn_orange_leaves.png */; };
/* End PBXBuildFile section */

/* Begin PBXFileReference section */
		4F0220602A402E1A000ACC7E /* Block.swift */ = {isa = PBXFileReference; lastKnownFileType = sourcecode.swift; path = Block.swift; sourceTree = "<group>"; };
		4F0220662A40422A000ACC7E /* ChunkFaces.swift */ = {isa = PBXFileReference; lastKnownFileType = sourcecode.swift; path = ChunkFaces.swift; sourceTree = "<group>"; };
		4F050C2C2B683409007269BB /* GameButton.swift */ = {isa = PBXFileReference; lastKnownFileType = sourcecode.swift; path = GameButton.swift; sourceTree = "<group>"; };
		4F0D90542E11BEE50075F38B /* blue_bricks.png */ = {isa = PBXFileReference; lastKnownFileType = image.png; path = blue_bricks.png; sourceTree = "<group>"; };
		4F0D90552E11BEE50075F38B /* lime_bricks.png */ = {isa = PBXFileReference; lastKnownFileType = image.png; path = lime_bricks.png; sourceTree = "<group>"; };
		4F0D90562E11BEE50075F38B /* orange_bricks.png */ = {isa = PBXFileReference; lastKnownFileType = image.png; path = orange_bricks.png; sourceTree = "<group>"; };
		4F0D90572E11BEE50075F38B /* purple_bricks.png */ = {isa = PBXFileReference; lastKnownFileType = image.png; path = purple_bricks.png; sourceTree = "<group>"; };
		4F1288982B703B5C003860E8 /* WorldGenerator.swift */ = {isa = PBXFileReference; lastKnownFileType = sourcecode.swift; path = WorldGenerator.swift; sourceTree = "<group>"; };
		4F2FD3722A78655B00AB43D0 /* App.swift */ = {isa = PBXFileReference; fileEncoding = 4; lastKnownFileType = sourcecode.swift; path = App.swift; sourceTree = "<group>"; };
		4F3B74C62A408656008A508A /* MetalScene.swift */ = {isa = PBXFileReference; lastKnownFileType = sourcecode.swift; path = MetalScene.swift; sourceTree = "<group>"; };
		4F3B74CA2A40B76B008A508A /* App.swift */ = {isa = PBXFileReference; lastKnownFileType = sourcecode.swift; path = App.swift; sourceTree = "<group>"; };
		4F5AA4C02E171E5800538197 /* brown_wood_bark.png */ = {isa = PBXFileReference; lastKnownFileType = image.png; path = brown_wood_bark.png; sourceTree = "<group>"; };
		4F5AA4C12E171E5800538197 /* brown_wood_cut.png */ = {isa = PBXFileReference; lastKnownFileType = image.png; path = brown_wood_cut.png; sourceTree = "<group>"; };
		4F5AA4C22E171E5800538197 /* cold_grass.png */ = {isa = PBXFileReference; lastKnownFileType = image.png; path = cold_grass.png; sourceTree = "<group>"; };
		4F5AA4C32E171E5800538197 /* cold_grass_dirt.png */ = {isa = PBXFileReference; lastKnownFileType = image.png; path = cold_grass_dirt.png; sourceTree = "<group>"; };
		4F5AA4C42E171E5800538197 /* cold_grass_sand.png */ = {isa = PBXFileReference; lastKnownFileType = image.png; path = cold_grass_sand.png; sourceTree = "<group>"; };
		4F5AA4C52E171E5800538197 /* cold_leaves.png */ = {isa = PBXFileReference; lastKnownFileType = image.png; path = cold_leaves.png; sourceTree = "<group>"; };
		4F5AA4C62E171E5800538197 /* dry_grass.png */ = {isa = PBXFileReference; lastKnownFileType = image.png; path = dry_grass.png; sourceTree = "<group>"; };
		4F5AA4C72E171E5800538197 /* dry_grass_dirt.png */ = {isa = PBXFileReference; lastKnownFileType = image.png; path = dry_grass_dirt.png; sourceTree = "<group>"; };
		4F5AA4C82E171E5800538197 /* dry_grass_sand.png */ = {isa = PBXFileReference; lastKnownFileType = image.png; path = dry_grass_sand.png; sourceTree = "<group>"; };
		4F5AA4C92E171E5800538197 /* autumn_green_leaves.png */ = {isa = PBXFileReference; lastKnownFileType = image.png; path = autumn_green_leaves.png; sourceTree = "<group>"; };
		4F5AA4CA2E171E5800538197 /* gray_wood_bark.png */ = {isa = PBXFileReference; lastKnownFileType = image.png; path = gray_wood_bark.png; sourceTree = "<group>"; };
		4F5AA4CB2E171E5800538197 /* gray_wood_cut.png */ = {isa = PBXFileReference; lastKnownFileType = image.png; path = gray_wood_cut.png; sourceTree = "<group>"; };
		4F5AA4CC2E171E5800538197 /* snow.png */ = {isa = PBXFileReference; lastKnownFileType = image.png; path = snow.png; sourceTree = "<group>"; };
		4F5AA4CD2E171E5800538197 /* snow_dirt.png */ = {isa = PBXFileReference; lastKnownFileType = image.png; path = snow_dirt.png; sourceTree = "<group>"; };
		4F5AA4CE2E171E5800538197 /* snow_leaves.png */ = {isa = PBXFileReference; lastKnownFileType = image.png; path = snow_leaves.png; sourceTree = "<group>"; };
		4F5AA4CF2E171E5800538197 /* warm_grass.png */ = {isa = PBXFileReference; lastKnownFileType = image.png; path = warm_grass.png; sourceTree = "<group>"; };
		4F5AA4D02E171E5800538197 /* warm_grass_dirt.png */ = {isa = PBXFileReference; lastKnownFileType = image.png; path = warm_grass_dirt.png; sourceTree = "<group>"; };
		4F5AA4D12E171E5800538197 /* warm_grass_sand.png */ = {isa = PBXFileReference; lastKnownFileType = image.png; path = warm_grass_sand.png; sourceTree = "<group>"; };
		4F5AA4D22E171E5800538197 /* warm_leaves.png */ = {isa = PBXFileReference; lastKnownFileType = image.png; path = warm_leaves.png; sourceTree = "<group>"; };
		4F5AA4F92E1721BA00538197 /* StructureGenerator.swift */ = {isa = PBXFileReference; lastKnownFileType = sourcecode.swift; path = StructureGenerator.swift; sourceTree = "<group>"; };
		4F5AA4FD2E1721D500538197 /* Structure.swift */ = {isa = PBXFileReference; lastKnownFileType = sourcecode.swift; path = Structure.swift; sourceTree = "<group>"; };
		4F5AA5022E17275000538197 /* cold_grass_stone.png */ = {isa = PBXFileReference; lastKnownFileType = image.png; path = cold_grass_stone.png; sourceTree = "<group>"; };
		4F5AA5032E17275000538197 /* dry_grass_stone.png */ = {isa = PBXFileReference; lastKnownFileType = image.png; path = dry_grass_stone.png; sourceTree = "<group>"; };
		4F5AA5042E17275000538197 /* warm_grass_stone.png */ = {isa = PBXFileReference; lastKnownFileType = image.png; path = warm_grass_stone.png; sourceTree = "<group>"; };
		4F7645A82B62B22D00E15329 /* MacOSGameView.swift */ = {isa = PBXFileReference; lastKnownFileType = sourcecode.swift; path = MacOSGameView.swift; sourceTree = "<group>"; };
		4F8640082C28176F00C9ED85 /* FlyingCamera.swift */ = {isa = PBXFileReference; lastKnownFileType = sourcecode.swift; path = FlyingCamera.swift; sourceTree = "<group>"; };
		4F9E1AD62A79186F0055A782 /* ExampleScene.swift */ = {isa = PBXFileReference; lastKnownFileType = sourcecode.swift; path = ExampleScene.swift; sourceTree = "<group>"; };
		4F9E1AD82A7919000055A782 /* ExampleShader.metal */ = {isa = PBXFileReference; lastKnownFileType = sourcecode.metal; path = ExampleShader.metal; sourceTree = "<group>"; };
		4F9E1ADC2A7920CB0055A782 /* RenderableChunk.swift */ = {isa = PBXFileReference; lastKnownFileType = sourcecode.swift; path = RenderableChunk.swift; sourceTree = "<group>"; };
		4F9E1ADE2A7921550055A782 /* ChunkLoader.swift */ = {isa = PBXFileReference; lastKnownFileType = sourcecode.swift; path = ChunkLoader.swift; sourceTree = "<group>"; };
		4F9E1AE22A7923BB0055A782 /* ShaderTypes.swift */ = {isa = PBXFileReference; lastKnownFileType = sourcecode.swift; path = ShaderTypes.swift; sourceTree = "<group>"; };
		4F9EAA192B69BC340080B613 /* iOSGameView.swift */ = {isa = PBXFileReference; fileEncoding = 4; lastKnownFileType = sourcecode.swift; path = iOSGameView.swift; sourceTree = "<group>"; };
		4F9EAA1C2B69BCA00080B613 /* PositionLabel.swift */ = {isa = PBXFileReference; lastKnownFileType = sourcecode.swift; path = PositionLabel.swift; sourceTree = "<group>"; };
		4FA26CE82C27576700AABCD6 /* BlockOrientation.swift */ = {isa = PBXFileReference; lastKnownFileType = sourcecode.swift; path = BlockOrientation.swift; sourceTree = "<group>"; };
		4FADDE8C2E1961DA00F59698 /* spruce_leaves.png */ = {isa = PBXFileReference; lastKnownFileType = image.png; path = spruce_leaves.png; sourceTree = "<group>"; };
		4FADDE8F2E19658000F59698 /* snow_spruce_leaves.png */ = {isa = PBXFileReference; lastKnownFileType = image.png; path = snow_spruce_leaves.png; sourceTree = "<group>"; };
		4FADDE922E1990D200F59698 /* dry_grass_leaves_1.png */ = {isa = PBXFileReference; lastKnownFileType = image.png; path = dry_grass_leaves_1.png; sourceTree = "<group>"; };
		4FADDE932E1990D200F59698 /* dry_grass_leaves_2.png */ = {isa = PBXFileReference; lastKnownFileType = image.png; path = dry_grass_leaves_2.png; sourceTree = "<group>"; };
		4FADDE942E1990D200F59698 /* dry_grass_leaves_3.png */ = {isa = PBXFileReference; lastKnownFileType = image.png; path = dry_grass_leaves_3.png; sourceTree = "<group>"; };
		4FCCAB992C2B808600F51327 /* dirt.png */ = {isa = PBXFileReference; lastKnownFileType = image.png; path = dirt.png; sourceTree = "<group>"; };
		4FCCABA92C2B808600F51327 /* granite_orange.png */ = {isa = PBXFileReference; lastKnownFileType = image.png; path = granite_orange.png; sourceTree = "<group>"; };
		4FCCABAC2C2B808600F51327 /* sand.png */ = {isa = PBXFileReference; lastKnownFileType = image.png; path = sand.png; sourceTree = "<group>"; };
		4FCCABB12C2B808600F51327 /* stone.png */ = {isa = PBXFileReference; lastKnownFileType = image.png; path = stone.png; sourceTree = "<group>"; };
		4FD31069286A3BCD00BB55ED /* Assets.xcassets */ = {isa = PBXFileReference; lastKnownFileType = folder.assetcatalog; path = Assets.xcassets; sourceTree = "<group>"; };
		4FD3106E286A3BCD00BB55ED /* MetalCraft.app */ = {isa = PBXFileReference; explicitFileType = wrapper.application; includeInIndex = 0; path = MetalCraft.app; sourceTree = BUILT_PRODUCTS_DIR; };
		4FD31074286A3BCD00BB55ED /* MetalCraft.app */ = {isa = PBXFileReference; explicitFileType = wrapper.application; includeInIndex = 0; path = MetalCraft.app; sourceTree = BUILT_PRODUCTS_DIR; };
		4FD31076286A3BCD00BB55ED /* macOS.entitlements */ = {isa = PBXFileReference; lastKnownFileType = text.plist.entitlements; path = macOS.entitlements; sourceTree = "<group>"; };
		4FD31085286A3C2200BB55ED /* MouseHandler.swift */ = {isa = PBXFileReference; lastKnownFileType = sourcecode.swift; path = MouseHandler.swift; sourceTree = "<group>"; };
		4FD310D9286A3E2900BB55ED /* .gitignore */ = {isa = PBXFileReference; lastKnownFileType = text; path = .gitignore; sourceTree = "<group>"; };
		4FD310EC286A3F0100BB55ED /* Engine.swift */ = {isa = PBXFileReference; fileEncoding = 4; lastKnownFileType = sourcecode.swift; path = Engine.swift; sourceTree = "<group>"; };
		4FD310F3286A3F0100BB55ED /* WorldShader.metal */ = {isa = PBXFileReference; fileEncoding = 4; lastKnownFileType = sourcecode.metal; path = WorldShader.metal; sourceTree = "<group>"; };
		4FD310F4286A3F0100BB55ED /* WorldScene.swift */ = {isa = PBXFileReference; fileEncoding = 4; lastKnownFileType = sourcecode.swift; path = WorldScene.swift; sourceTree = "<group>"; };
		4FD310F5286A3F0100BB55ED /* Types.swift */ = {isa = PBXFileReference; fileEncoding = 4; lastKnownFileType = sourcecode.swift; path = Types.swift; sourceTree = "<group>"; };
		4FD3112E286A3F0C00BB55ED /* Camera.swift */ = {isa = PBXFileReference; fileEncoding = 4; lastKnownFileType = sourcecode.swift; path = Camera.swift; sourceTree = "<group>"; };
		4FD3113D286A3F1400BB55ED /* Math.swift */ = {isa = PBXFileReference; fileEncoding = 4; lastKnownFileType = sourcecode.swift; path = Math.swift; sourceTree = "<group>"; };
		4FD31148286A3F1F00BB55ED /* ExampleWorld.swift */ = {isa = PBXFileReference; fileEncoding = 4; lastKnownFileType = sourcecode.swift; path = ExampleWorld.swift; sourceTree = "<group>"; };
		4FD3114A286A3F1F00BB55ED /* NoiseGenerator.swift */ = {isa = PBXFileReference; fileEncoding = 4; lastKnownFileType = sourcecode.swift; path = NoiseGenerator.swift; sourceTree = "<group>"; };
		4FD3114B286A3F1F00BB55ED /* SimplexNoise.swift */ = {isa = PBXFileReference; fileEncoding = 4; lastKnownFileType = sourcecode.swift; path = SimplexNoise.swift; sourceTree = "<group>"; };
		4FD3114C286A3F1F00BB55ED /* CoordinateSystem.swift */ = {isa = PBXFileReference; fileEncoding = 4; lastKnownFileType = sourcecode.swift; path = CoordinateSystem.swift; sourceTree = "<group>"; };
		4FD3114D286A3F1F00BB55ED /* Chunk.swift */ = {isa = PBXFileReference; fileEncoding = 4; lastKnownFileType = sourcecode.swift; path = Chunk.swift; sourceTree = "<group>"; };
		4FD3115A286A3F6C00BB55ED /* MetalView.swift */ = {isa = PBXFileReference; lastKnownFileType = sourcecode.swift; path = MetalView.swift; sourceTree = "<group>"; };
		4FD81BE52E186A4000D4145F /* cold_grass_flowers_1.png */ = {isa = PBXFileReference; lastKnownFileType = image.png; path = cold_grass_flowers_1.png; sourceTree = "<group>"; };
		4FD81BE62E186A4000D4145F /* cold_grass_flowers_2.png */ = {isa = PBXFileReference; lastKnownFileType = image.png; path = cold_grass_flowers_2.png; sourceTree = "<group>"; };
		4FD81BE72E186A4000D4145F /* cold_grass_flowers_3.png */ = {isa = PBXFileReference; lastKnownFileType = image.png; path = cold_grass_flowers_3.png; sourceTree = "<group>"; };
		4FD81BEB2E186A4000D4145F /* warm_grass_flowers_1.png */ = {isa = PBXFileReference; lastKnownFileType = image.png; path = warm_grass_flowers_1.png; sourceTree = "<group>"; };
		4FD81BEC2E186A4000D4145F /* warm_grass_flowers_2.png */ = {isa = PBXFileReference; lastKnownFileType = image.png; path = warm_grass_flowers_2.png; sourceTree = "<group>"; };
		4FD81BED2E186A4000D4145F /* warm_grass_flowers_3.png */ = {isa = PBXFileReference; lastKnownFileType = image.png; path = warm_grass_flowers_3.png; sourceTree = "<group>"; };
		4FD81C002E187D9300D4145F /* autumn_orange_leaves.png */ = {isa = PBXFileReference; lastKnownFileType = image.png; path = autumn_orange_leaves.png; sourceTree = "<group>"; };
		4FD81C012E187D9300D4145F /* autumn_yellow_leaves.png */ = {isa = PBXFileReference; lastKnownFileType = image.png; path = autumn_yellow_leaves.png; sourceTree = "<group>"; };
		4FFA2A9D2C1DC1550015ADAB /* README.md */ = {isa = PBXFileReference; lastKnownFileType = net.daringfireball.markdown; path = README.md; sourceTree = "<group>"; };
/* End PBXFileReference section */

/* Begin PBXFrameworksBuildPhase section */
		4FD3106B286A3BCD00BB55ED /* Frameworks */ = {
			isa = PBXFrameworksBuildPhase;
			buildActionMask = 2147483647;
			files = (
			);
			runOnlyForDeploymentPostprocessing = 0;
		};
		4FD31071286A3BCD00BB55ED /* Frameworks */ = {
			isa = PBXFrameworksBuildPhase;
			buildActionMask = 2147483647;
			files = (
			);
			runOnlyForDeploymentPostprocessing = 0;
		};
/* End PBXFrameworksBuildPhase section */

/* Begin PBXGroup section */
		4F3B74C92A40953D008A508A /* WorldEngine */ = {
			isa = PBXGroup;
			children = (
				4F5AA4FD2E1721D500538197 /* Structure.swift */,
				4FD3114C286A3F1F00BB55ED /* CoordinateSystem.swift */,
				4FA26CE82C27576700AABCD6 /* BlockOrientation.swift */,
				4F0220602A402E1A000ACC7E /* Block.swift */,
				4FD3114D286A3F1F00BB55ED /* Chunk.swift */,
				4F1288982B703B5C003860E8 /* WorldGenerator.swift */,
				4F0220662A40422A000ACC7E /* ChunkFaces.swift */,
				4F9E1AE22A7923BB0055A782 /* ShaderTypes.swift */,
				4F9E1ADC2A7920CB0055A782 /* RenderableChunk.swift */,
				4F9E1ADE2A7921550055A782 /* ChunkLoader.swift */,
				4F8640082C28176F00C9ED85 /* FlyingCamera.swift */,
				4FD310F4286A3F0100BB55ED /* WorldScene.swift */,
				4FD310F3286A3F0100BB55ED /* WorldShader.metal */,
			);
			path = WorldEngine;
			sourceTree = "<group>";
		};
		4F9E1AD52A7916560055A782 /* Example */ = {
			isa = PBXGroup;
			children = (
				4F9E1AD62A79186F0055A782 /* ExampleScene.swift */,
				4F9E1AD82A7919000055A782 /* ExampleShader.metal */,
			);
			path = Example;
			sourceTree = "<group>";
		};
		4F9EAA1B2B69BC850080B613 /* Views */ = {
			isa = PBXGroup;
			children = (
				4F9EAA1C2B69BCA00080B613 /* PositionLabel.swift */,
			);
			path = Views;
			sourceTree = "<group>";
		};
		4FD31061286A3BCC00BB55ED = {
			isa = PBXGroup;
			children = (
				4FFA2A9D2C1DC1550015ADAB /* README.md */,
				4FD310D9286A3E2900BB55ED /* .gitignore */,
				4FD31066286A3BCD00BB55ED /* Shared */,
				4FED3E672A3EFA0700343CD5 /* iOS */,
				4FD31075286A3BCD00BB55ED /* macOS */,
				4FD3106F286A3BCD00BB55ED /* Products */,
			);
			sourceTree = "<group>";
		};
		4FD31066286A3BCD00BB55ED /* Shared */ = {
			isa = PBXGroup;
			children = (
				4FD310DA286A3F0100BB55ED /* RenderEngine */,
				4F3B74C92A40953D008A508A /* WorldEngine */,
				4FD31128286A3F0C00BB55ED /* GameLogic */,
				4F9EAA1B2B69BC850080B613 /* Views */,
				4FD31069286A3BCD00BB55ED /* Assets.xcassets */,
			);
			path = Shared;
			sourceTree = "<group>";
		};
		4FD3106F286A3BCD00BB55ED /* Products */ = {
			isa = PBXGroup;
			children = (
				4FD3106E286A3BCD00BB55ED /* MetalCraft.app */,
				4FD31074286A3BCD00BB55ED /* MetalCraft.app */,
			);
			name = Products;
			sourceTree = "<group>";
		};
		4FD31075286A3BCD00BB55ED /* macOS */ = {
			isa = PBXGroup;
			children = (
				4FD31076286A3BCD00BB55ED /* macOS.entitlements */,
				4F3B74CA2A40B76B008A508A /* App.swift */,
				4F7645A82B62B22D00E15329 /* MacOSGameView.swift */,
				4FD31085286A3C2200BB55ED /* MouseHandler.swift */,
			);
			path = macOS;
			sourceTree = "<group>";
		};
		4FD310DA286A3F0100BB55ED /* RenderEngine */ = {
			isa = PBXGroup;
			children = (
				4FD310F5286A3F0100BB55ED /* Types.swift */,
				4FD3113D286A3F1400BB55ED /* Math.swift */,
				4FD3112E286A3F0C00BB55ED /* Camera.swift */,
				4FD310EC286A3F0100BB55ED /* Engine.swift */,
				4F3B74C62A408656008A508A /* MetalScene.swift */,
				4FD3115A286A3F6C00BB55ED /* MetalView.swift */,
				4F9E1AD52A7916560055A782 /* Example */,
			);
			path = RenderEngine;
			sourceTree = "<group>";
		};
		4FD310DB286A3F0100BB55ED /* Textures */ = {
			isa = PBXGroup;
			children = (
				4FADDE922E1990D200F59698 /* dry_grass_leaves_1.png */,
				4FADDE932E1990D200F59698 /* dry_grass_leaves_2.png */,
				4FADDE942E1990D200F59698 /* dry_grass_leaves_3.png */,
				4FADDE8F2E19658000F59698 /* snow_spruce_leaves.png */,
				4FADDE8C2E1961DA00F59698 /* spruce_leaves.png */,
				4FD81C002E187D9300D4145F /* autumn_orange_leaves.png */,
				4FD81C012E187D9300D4145F /* autumn_yellow_leaves.png */,
				4FD81BE52E186A4000D4145F /* cold_grass_flowers_1.png */,
				4FD81BE62E186A4000D4145F /* cold_grass_flowers_2.png */,
				4FD81BE72E186A4000D4145F /* cold_grass_flowers_3.png */,
				4FD81BEB2E186A4000D4145F /* warm_grass_flowers_1.png */,
				4FD81BEC2E186A4000D4145F /* warm_grass_flowers_2.png */,
				4FD81BED2E186A4000D4145F /* warm_grass_flowers_3.png */,
				4F5AA5022E17275000538197 /* cold_grass_stone.png */,
				4F5AA5032E17275000538197 /* dry_grass_stone.png */,
				4F5AA5042E17275000538197 /* warm_grass_stone.png */,
				4F5AA4C02E171E5800538197 /* brown_wood_bark.png */,
				4F5AA4C12E171E5800538197 /* brown_wood_cut.png */,
				4F5AA4C22E171E5800538197 /* cold_grass.png */,
				4F5AA4C32E171E5800538197 /* cold_grass_dirt.png */,
				4F5AA4C42E171E5800538197 /* cold_grass_sand.png */,
				4F5AA4C52E171E5800538197 /* cold_leaves.png */,
				4F5AA4C62E171E5800538197 /* dry_grass.png */,
				4F5AA4C72E171E5800538197 /* dry_grass_dirt.png */,
				4F5AA4C82E171E5800538197 /* dry_grass_sand.png */,
				4F5AA4C92E171E5800538197 /* autumn_green_leaves.png */,
				4F5AA4CA2E171E5800538197 /* gray_wood_bark.png */,
				4F5AA4CB2E171E5800538197 /* gray_wood_cut.png */,
				4F5AA4CC2E171E5800538197 /* snow.png */,
				4F5AA4CD2E171E5800538197 /* snow_dirt.png */,
				4F5AA4CE2E171E5800538197 /* snow_leaves.png */,
				4F5AA4CF2E171E5800538197 /* warm_grass.png */,
				4F5AA4D02E171E5800538197 /* warm_grass_dirt.png */,
				4F5AA4D12E171E5800538197 /* warm_grass_sand.png */,
				4F5AA4D22E171E5800538197 /* warm_leaves.png */,
				4F0D90542E11BEE50075F38B /* blue_bricks.png */,
				4F0D90552E11BEE50075F38B /* lime_bricks.png */,
				4F0D90562E11BEE50075F38B /* orange_bricks.png */,
				4F0D90572E11BEE50075F38B /* purple_bricks.png */,
				4FCCAB992C2B808600F51327 /* dirt.png */,
				4FCCABA92C2B808600F51327 /* granite_orange.png */,
				4FCCABAC2C2B808600F51327 /* sand.png */,
				4FCCABB12C2B808600F51327 /* stone.png */,
			);
			path = Textures;
			sourceTree = "<group>";
		};
		4FD31128286A3F0C00BB55ED /* GameLogic */ = {
			isa = PBXGroup;
			children = (
				4FD31149286A3F1F00BB55ED /* Noise */,
				4FD310DB286A3F0100BB55ED /* Textures */,
				4FD31148286A3F1F00BB55ED /* ExampleWorld.swift */,
			);
			path = GameLogic;
			sourceTree = "<group>";
		};
		4FD31149286A3F1F00BB55ED /* Noise */ = {
			isa = PBXGroup;
			children = (
				4F5AA4F92E1721BA00538197 /* StructureGenerator.swift */,
				4FD3114A286A3F1F00BB55ED /* NoiseGenerator.swift */,
				4FD3114B286A3F1F00BB55ED /* SimplexNoise.swift */,
			);
			path = Noise;
			sourceTree = "<group>";
		};
		4FED3E672A3EFA0700343CD5 /* iOS */ = {
			isa = PBXGroup;
			children = (
				4F9EAA192B69BC340080B613 /* iOSGameView.swift */,
				4F2FD3722A78655B00AB43D0 /* App.swift */,
				4F050C2C2B683409007269BB /* GameButton.swift */,
			);
			path = iOS;
			sourceTree = "<group>";
		};
/* End PBXGroup section */

/* Begin PBXNativeTarget section */
		4FD3106D286A3BCD00BB55ED /* MetalCraft (iOS) */ = {
			isa = PBXNativeTarget;
			buildConfigurationList = 4FD3107F286A3BCD00BB55ED /* Build configuration list for PBXNativeTarget "MetalCraft (iOS)" */;
			buildPhases = (
				4FD3106A286A3BCD00BB55ED /* Sources */,
				4FD3106B286A3BCD00BB55ED /* Frameworks */,
				4FD3106C286A3BCD00BB55ED /* Resources */,
			);
			buildRules = (
			);
			dependencies = (
			);
			name = "MetalCraft (iOS)";
			productName = "MetalCraft (iOS)";
			productReference = 4FD3106E286A3BCD00BB55ED /* MetalCraft.app */;
			productType = "com.apple.product-type.application";
		};
		4FD31073286A3BCD00BB55ED /* MetalCraft (macOS) */ = {
			isa = PBXNativeTarget;
			buildConfigurationList = 4FD31082286A3BCD00BB55ED /* Build configuration list for PBXNativeTarget "MetalCraft (macOS)" */;
			buildPhases = (
				4FD31070286A3BCD00BB55ED /* Sources */,
				4FD31071286A3BCD00BB55ED /* Frameworks */,
				4FD31072286A3BCD00BB55ED /* Resources */,
			);
			buildRules = (
			);
			dependencies = (
			);
			name = "MetalCraft (macOS)";
			productName = "MetalCraft (macOS)";
			productReference = 4FD31074286A3BCD00BB55ED /* MetalCraft.app */;
			productType = "com.apple.product-type.application";
		};
/* End PBXNativeTarget section */

/* Begin PBXProject section */
		4FD31062286A3BCC00BB55ED /* Project object */ = {
			isa = PBXProject;
			attributes = {
				BuildIndependentTargetsInParallel = 1;
				LastSwiftUpdateCheck = 1340;
				LastUpgradeCheck = 1540;
				TargetAttributes = {
					4FD3106D286A3BCD00BB55ED = {
						CreatedOnToolsVersion = 13.4.1;
					};
					4FD31073286A3BCD00BB55ED = {
						CreatedOnToolsVersion = 13.4.1;
					};
				};
			};
			buildConfigurationList = 4FD31065286A3BCC00BB55ED /* Build configuration list for PBXProject "MetalCraft" */;
			compatibilityVersion = "Xcode 13.0";
			developmentRegion = en;
			hasScannedForEncodings = 0;
			knownRegions = (
				en,
				Base,
			);
			mainGroup = 4FD31061286A3BCC00BB55ED;
			productRefGroup = 4FD3106F286A3BCD00BB55ED /* Products */;
			projectDirPath = "";
			projectRoot = "";
			targets = (
				4FD3106D286A3BCD00BB55ED /* MetalCraft (iOS) */,
				4FD31073286A3BCD00BB55ED /* MetalCraft (macOS) */,
			);
		};
/* End PBXProject section */

/* Begin PBXResourcesBuildPhase section */
		4FD3106C286A3BCD00BB55ED /* Resources */ = {
			isa = PBXResourcesBuildPhase;
			buildActionMask = 2147483647;
			files = (
				4FD3107B286A3BCD00BB55ED /* Assets.xcassets in Resources */,
				4F0D905C2E11BEE50075F38B /* orange_bricks.png in Resources */,
				4F5AA4D32E171E5800538197 /* snow.png in Resources */,
				4F5AA4D42E171E5800538197 /* cold_leaves.png in Resources */,
				4F5AA4D52E171E5800538197 /* snow_leaves.png in Resources */,
				4F5AA4D62E171E5800538197 /* gray_wood_bark.png in Resources */,
				4F5AA4D72E171E5800538197 /* dry_grass.png in Resources */,
				4F5AA4D82E171E5800538197 /* warm_grass_dirt.png in Resources */,
				4F5AA4D92E171E5800538197 /* cold_grass_sand.png in Resources */,
				4F5AA4DA2E171E5800538197 /* gray_wood_cut.png in Resources */,
				4F5AA4DB2E171E5800538197 /* snow_dirt.png in Resources */,
				4F5AA4DC2E171E5800538197 /* autumn_green_leaves.png in Resources */,
				4F5AA4DD2E171E5800538197 /* cold_grass.png in Resources */,
				4FD81C022E187D9300D4145F /* autumn_yellow_leaves.png in Resources */,
				4FD81C032E187D9300D4145F /* autumn_orange_leaves.png in Resources */,
				4F5AA4DE2E171E5800538197 /* cold_grass_dirt.png in Resources */,
				4F5AA5052E17275000538197 /* cold_grass_stone.png in Resources */,
				4F5AA5062E17275000538197 /* dry_grass_stone.png in Resources */,
				4F5AA5072E17275000538197 /* warm_grass_stone.png in Resources */,
				4FD81BEF2E186A4000D4145F /* warm_grass_flowers_1.png in Resources */,
				4FD81BF02E186A4000D4145F /* warm_grass_flowers_3.png in Resources */,
				4FD81BF12E186A4000D4145F /* warm_grass_flowers_2.png in Resources */,
				4FD81BF32E186A4000D4145F /* cold_grass_flowers_2.png in Resources */,
				4FD81BF42E186A4000D4145F /* cold_grass_flowers_3.png in Resources */,
				4FADDE8E2E1961DA00F59698 /* spruce_leaves.png in Resources */,
				4FD81BF52E186A4000D4145F /* cold_grass_flowers_1.png in Resources */,
				4F5AA4DF2E171E5800538197 /* brown_wood_cut.png in Resources */,
				4F5AA4E02E171E5800538197 /* dry_grass_sand.png in Resources */,
				4F5AA4E12E171E5800538197 /* warm_grass.png in Resources */,
				4F5AA4E22E171E5800538197 /* warm_leaves.png in Resources */,
				4F5AA4E32E171E5800538197 /* brown_wood_bark.png in Resources */,
				4F5AA4E42E171E5800538197 /* dry_grass_dirt.png in Resources */,
				4F5AA4E52E171E5800538197 /* warm_grass_sand.png in Resources */,
				4F0D905D2E11BEE50075F38B /* blue_bricks.png in Resources */,
				4F0D905E2E11BEE50075F38B /* lime_bricks.png in Resources */,
				4F0D905F2E11BEE50075F38B /* purple_bricks.png in Resources */,
				4FCCABB62C2B808700F51327 /* dirt.png in Resources */,
				4FADDE902E19658000F59698 /* snow_spruce_leaves.png in Resources */,
				4FCCABD62C2B808700F51327 /* granite_orange.png in Resources */,
				4FADDE952E1990D200F59698 /* dry_grass_leaves_2.png in Resources */,
				4FADDE962E1990D200F59698 /* dry_grass_leaves_3.png in Resources */,
				4FADDE972E1990D200F59698 /* dry_grass_leaves_1.png in Resources */,
				4FCCABDC2C2B808700F51327 /* sand.png in Resources */,
				4FCCABE62C2B808700F51327 /* stone.png in Resources */,
			);
			runOnlyForDeploymentPostprocessing = 0;
		};
		4FD31072286A3BCD00BB55ED /* Resources */ = {
			isa = PBXResourcesBuildPhase;
			buildActionMask = 2147483647;
			files = (
				4FD3107C286A3BCD00BB55ED /* Assets.xcassets in Resources */,
				4F0D90582E11BEE50075F38B /* orange_bricks.png in Resources */,
				4F5AA4E62E171E5800538197 /* snow.png in Resources */,
				4F5AA4E72E171E5800538197 /* cold_leaves.png in Resources */,
				4F5AA4E82E171E5800538197 /* snow_leaves.png in Resources */,
				4F5AA4E92E171E5800538197 /* gray_wood_bark.png in Resources */,
				4F5AA4EA2E171E5800538197 /* dry_grass.png in Resources */,
				4F5AA4EB2E171E5800538197 /* warm_grass_dirt.png in Resources */,
				4F5AA4EC2E171E5800538197 /* cold_grass_sand.png in Resources */,
				4F5AA4ED2E171E5800538197 /* gray_wood_cut.png in Resources */,
				4F5AA4EE2E171E5800538197 /* snow_dirt.png in Resources */,
				4F5AA4EF2E171E5800538197 /* autumn_green_leaves.png in Resources */,
				4F5AA4F02E171E5800538197 /* cold_grass.png in Resources */,
				4FD81C042E187D9300D4145F /* autumn_yellow_leaves.png in Resources */,
				4FD81C052E187D9300D4145F /* autumn_orange_leaves.png in Resources */,
				4F5AA4F12E171E5800538197 /* cold_grass_dirt.png in Resources */,
				4F5AA5082E17275000538197 /* cold_grass_stone.png in Resources */,
				4F5AA5092E17275000538197 /* dry_grass_stone.png in Resources */,
				4F5AA50A2E17275000538197 /* warm_grass_stone.png in Resources */,
				4FD81BF82E186A4000D4145F /* warm_grass_flowers_1.png in Resources */,
				4FD81BF92E186A4000D4145F /* warm_grass_flowers_3.png in Resources */,
				4FD81BFA2E186A4000D4145F /* warm_grass_flowers_2.png in Resources */,
				4FD81BFC2E186A4000D4145F /* cold_grass_flowers_2.png in Resources */,
				4FD81BFD2E186A4000D4145F /* cold_grass_flowers_3.png in Resources */,
				4FADDE8D2E1961DA00F59698 /* spruce_leaves.png in Resources */,
				4FD81BFE2E186A4000D4145F /* cold_grass_flowers_1.png in Resources */,
				4F5AA4F22E171E5800538197 /* brown_wood_cut.png in Resources */,
				4F5AA4F32E171E5800538197 /* dry_grass_sand.png in Resources */,
				4F5AA4F42E171E5800538197 /* warm_grass.png in Resources */,
				4F5AA4F52E171E5800538197 /* warm_leaves.png in Resources */,
				4F5AA4F62E171E5800538197 /* brown_wood_bark.png in Resources */,
				4F5AA4F72E171E5800538197 /* dry_grass_dirt.png in Resources */,
				4F5AA4F82E171E5800538197 /* warm_grass_sand.png in Resources */,
				4F0D90592E11BEE50075F38B /* blue_bricks.png in Resources */,
				4F0D905A2E11BEE50075F38B /* lime_bricks.png in Resources */,
				4F0D905B2E11BEE50075F38B /* purple_bricks.png in Resources */,
				4FCCABB72C2B808700F51327 /* dirt.png in Resources */,
				4FADDE912E19658000F59698 /* snow_spruce_leaves.png in Resources */,
				4FCCABD72C2B808700F51327 /* granite_orange.png in Resources */,
				4FADDE982E1990D200F59698 /* dry_grass_leaves_2.png in Resources */,
				4FADDE992E1990D200F59698 /* dry_grass_leaves_3.png in Resources */,
				4FADDE9A2E1990D200F59698 /* dry_grass_leaves_1.png in Resources */,
				4FCCABDD2C2B808700F51327 /* sand.png in Resources */,
				4FCCABE72C2B808700F51327 /* stone.png in Resources */,
			);
			runOnlyForDeploymentPostprocessing = 0;
		};
/* End PBXResourcesBuildPhase section */

/* Begin PBXSourcesBuildPhase section */
		4FD3106A286A3BCD00BB55ED /* Sources */ = {
			isa = PBXSourcesBuildPhase;
			buildActionMask = 2147483647;
			files = (
				4F050C2D2B683409007269BB /* GameButton.swift in Sources */,
				4FD31138286A3F0C00BB55ED /* Camera.swift in Sources */,
				4F1288992B703B5C003860E8 /* WorldGenerator.swift in Sources */,
				4F0220672A40422B000ACC7E /* ChunkFaces.swift in Sources */,
				4F8640092C28176F00C9ED85 /* FlyingCamera.swift in Sources */,
				4FD31150286A3F1F00BB55ED /* ExampleWorld.swift in Sources */,
				4FD31152286A3F1F00BB55ED /* NoiseGenerator.swift in Sources */,
				4F5AA4FB2E1721BA00538197 /* StructureGenerator.swift in Sources */,
				4FD31116286A3F0100BB55ED /* Engine.swift in Sources */,
				4FA26CE92C27576700AABCD6 /* BlockOrientation.swift in Sources */,
				4FD31124286A3F0100BB55ED /* WorldScene.swift in Sources */,
				4F3B74C72A408656008A508A /* MetalScene.swift in Sources */,
				4F9E1AE32A7923BB0055A782 /* ShaderTypes.swift in Sources */,
				4FD31140286A3F1400BB55ED /* Math.swift in Sources */,
				4FD31122286A3F0100BB55ED /* WorldShader.metal in Sources */,
				4F9E1AD92A7919000055A782 /* ExampleShader.metal in Sources */,
				4F5AA5012E1721D500538197 /* Structure.swift in Sources */,
				4F0220612A402E1A000ACC7E /* Block.swift in Sources */,
				4F9E1AD72A79186F0055A782 /* ExampleScene.swift in Sources */,
				4FD31154286A3F1F00BB55ED /* SimplexNoise.swift in Sources */,
				4F9E1ADF2A7921550055A782 /* ChunkLoader.swift in Sources */,
				4FD31126286A3F0100BB55ED /* Types.swift in Sources */,
				4FD31158286A3F1F00BB55ED /* Chunk.swift in Sources */,
				4FD3115B286A3F6C00BB55ED /* MetalView.swift in Sources */,
				4F2FD3732A78655B00AB43D0 /* App.swift in Sources */,
				4F9EAA1D2B69BCA00080B613 /* PositionLabel.swift in Sources */,
				4F9E1ADD2A7920CB0055A782 /* RenderableChunk.swift in Sources */,
				4F9EAA1A2B69BC340080B613 /* iOSGameView.swift in Sources */,
				4FD31156286A3F1F00BB55ED /* CoordinateSystem.swift in Sources */,
			);
			runOnlyForDeploymentPostprocessing = 0;
		};
		4FD31070286A3BCD00BB55ED /* Sources */ = {
			isa = PBXSourcesBuildPhase;
			buildActionMask = 2147483647;
			files = (
				4FD31155286A3F1F00BB55ED /* SimplexNoise.swift in Sources */,
				4FD31127286A3F0100BB55ED /* Types.swift in Sources */,
				4F12889A2B703B5C003860E8 /* WorldGenerator.swift in Sources */,
				4F9E1ADA2A791DE40055A782 /* ExampleScene.swift in Sources */,
				4F86400A2C28176F00C9ED85 /* FlyingCamera.swift in Sources */,
				4FD3115C286A3F6C00BB55ED /* MetalView.swift in Sources */,
				4FD31159286A3F1F00BB55ED /* Chunk.swift in Sources */,
				4F5AA4FA2E1721BA00538197 /* StructureGenerator.swift in Sources */,
				4F9E1AE42A7923BB0055A782 /* ShaderTypes.swift in Sources */,
				4FA26CEA2C27576700AABCD6 /* BlockOrientation.swift in Sources */,
				4F9E1ADB2A791DE80055A782 /* ExampleShader.metal in Sources */,
				4FD31117286A3F0100BB55ED /* Engine.swift in Sources */,
				4FD31123286A3F0100BB55ED /* WorldShader.metal in Sources */,
				4F3B74CC2A40B76B008A508A /* App.swift in Sources */,
				4F3B74C82A408656008A508A /* MetalScene.swift in Sources */,
				4FD31151286A3F1F00BB55ED /* ExampleWorld.swift in Sources */,
				4F5AA4FF2E1721D500538197 /* Structure.swift in Sources */,
				4FD31125286A3F0100BB55ED /* WorldScene.swift in Sources */,
				4F0220622A402E1A000ACC7E /* Block.swift in Sources */,
				4F0220682A40422B000ACC7E /* ChunkFaces.swift in Sources */,
				4FD31141286A3F1400BB55ED /* Math.swift in Sources */,
				4FD31157286A3F1F00BB55ED /* CoordinateSystem.swift in Sources */,
				4F7645A92B62B22D00E15329 /* MacOSGameView.swift in Sources */,
				4FD31153286A3F1F00BB55ED /* NoiseGenerator.swift in Sources */,
				4FD31086286A3C2200BB55ED /* MouseHandler.swift in Sources */,
				4FD31139286A3F0C00BB55ED /* Camera.swift in Sources */,
				4F9EAA1E2B69BD960080B613 /* PositionLabel.swift in Sources */,
				4F9E1AE12A7921580055A782 /* RenderableChunk.swift in Sources */,
				4F9E1AE02A7921550055A782 /* ChunkLoader.swift in Sources */,
			);
			runOnlyForDeploymentPostprocessing = 0;
		};
/* End PBXSourcesBuildPhase section */

/* Begin XCBuildConfiguration section */
		4FD3107D286A3BCD00BB55ED /* Debug */ = {
			isa = XCBuildConfiguration;
			buildSettings = {
				ALWAYS_SEARCH_USER_PATHS = NO;
				ASSETCATALOG_COMPILER_GENERATE_SWIFT_ASSET_SYMBOL_EXTENSIONS = YES;
				CLANG_ANALYZER_NONNULL = YES;
				CLANG_ANALYZER_NUMBER_OBJECT_CONVERSION = YES_AGGRESSIVE;
				CLANG_CXX_LANGUAGE_STANDARD = "gnu++17";
				CLANG_ENABLE_MODULES = YES;
				CLANG_ENABLE_OBJC_ARC = YES;
				CLANG_ENABLE_OBJC_WEAK = YES;
				CLANG_WARN_BLOCK_CAPTURE_AUTORELEASING = YES;
				CLANG_WARN_BOOL_CONVERSION = YES;
				CLANG_WARN_COMMA = YES;
				CLANG_WARN_CONSTANT_CONVERSION = YES;
				CLANG_WARN_DEPRECATED_OBJC_IMPLEMENTATIONS = YES;
				CLANG_WARN_DIRECT_OBJC_ISA_USAGE = YES_ERROR;
				CLANG_WARN_DOCUMENTATION_COMMENTS = YES;
				CLANG_WARN_EMPTY_BODY = YES;
				CLANG_WARN_ENUM_CONVERSION = YES;
				CLANG_WARN_INFINITE_RECURSION = YES;
				CLANG_WARN_INT_CONVERSION = YES;
				CLANG_WARN_NON_LITERAL_NULL_CONVERSION = YES;
				CLANG_WARN_OBJC_IMPLICIT_RETAIN_SELF = YES;
				CLANG_WARN_OBJC_LITERAL_CONVERSION = YES;
				CLANG_WARN_OBJC_ROOT_CLASS = YES_ERROR;
				CLANG_WARN_QUOTED_INCLUDE_IN_FRAMEWORK_HEADER = YES;
				CLANG_WARN_RANGE_LOOP_ANALYSIS = YES;
				CLANG_WARN_STRICT_PROTOTYPES = YES;
				CLANG_WARN_SUSPICIOUS_MOVE = YES;
				CLANG_WARN_UNGUARDED_AVAILABILITY = YES_AGGRESSIVE;
				CLANG_WARN_UNREACHABLE_CODE = YES;
				CLANG_WARN__DUPLICATE_METHOD_MATCH = YES;
				COPY_PHASE_STRIP = NO;
				DEAD_CODE_STRIPPING = YES;
				DEBUG_INFORMATION_FORMAT = dwarf;
				ENABLE_STRICT_OBJC_MSGSEND = YES;
				ENABLE_TESTABILITY = YES;
				ENABLE_USER_SCRIPT_SANDBOXING = YES;
				GCC_C_LANGUAGE_STANDARD = gnu11;
				GCC_DYNAMIC_NO_PIC = NO;
				GCC_NO_COMMON_BLOCKS = YES;
				GCC_OPTIMIZATION_LEVEL = 0;
				GCC_PREPROCESSOR_DEFINITIONS = (
					"DEBUG=1",
					"$(inherited)",
				);
				GCC_WARN_64_TO_32_BIT_CONVERSION = YES;
				GCC_WARN_ABOUT_RETURN_TYPE = YES_ERROR;
				GCC_WARN_UNDECLARED_SELECTOR = YES;
				GCC_WARN_UNINITIALIZED_AUTOS = YES_AGGRESSIVE;
				GCC_WARN_UNUSED_FUNCTION = YES;
				GCC_WARN_UNUSED_VARIABLE = YES;
				IPHONEOS_DEPLOYMENT_TARGET = 17.0;
				MTL_ENABLE_DEBUG_INFO = INCLUDE_SOURCE;
				MTL_FAST_MATH = YES;
				ONLY_ACTIVE_ARCH = YES;
				SWIFT_ACTIVE_COMPILATION_CONDITIONS = DEBUG;
				SWIFT_OPTIMIZATION_LEVEL = "-Onone";
			};
			name = Debug;
		};
		4FD3107E286A3BCD00BB55ED /* Release */ = {
			isa = XCBuildConfiguration;
			buildSettings = {
				ALWAYS_SEARCH_USER_PATHS = NO;
				ASSETCATALOG_COMPILER_GENERATE_SWIFT_ASSET_SYMBOL_EXTENSIONS = YES;
				CLANG_ANALYZER_NONNULL = YES;
				CLANG_ANALYZER_NUMBER_OBJECT_CONVERSION = YES_AGGRESSIVE;
				CLANG_CXX_LANGUAGE_STANDARD = "gnu++17";
				CLANG_ENABLE_MODULES = YES;
				CLANG_ENABLE_OBJC_ARC = YES;
				CLANG_ENABLE_OBJC_WEAK = YES;
				CLANG_WARN_BLOCK_CAPTURE_AUTORELEASING = YES;
				CLANG_WARN_BOOL_CONVERSION = YES;
				CLANG_WARN_COMMA = YES;
				CLANG_WARN_CONSTANT_CONVERSION = YES;
				CLANG_WARN_DEPRECATED_OBJC_IMPLEMENTATIONS = YES;
				CLANG_WARN_DIRECT_OBJC_ISA_USAGE = YES_ERROR;
				CLANG_WARN_DOCUMENTATION_COMMENTS = YES;
				CLANG_WARN_EMPTY_BODY = YES;
				CLANG_WARN_ENUM_CONVERSION = YES;
				CLANG_WARN_INFINITE_RECURSION = YES;
				CLANG_WARN_INT_CONVERSION = YES;
				CLANG_WARN_NON_LITERAL_NULL_CONVERSION = YES;
				CLANG_WARN_OBJC_IMPLICIT_RETAIN_SELF = YES;
				CLANG_WARN_OBJC_LITERAL_CONVERSION = YES;
				CLANG_WARN_OBJC_ROOT_CLASS = YES_ERROR;
				CLANG_WARN_QUOTED_INCLUDE_IN_FRAMEWORK_HEADER = YES;
				CLANG_WARN_RANGE_LOOP_ANALYSIS = YES;
				CLANG_WARN_STRICT_PROTOTYPES = YES;
				CLANG_WARN_SUSPICIOUS_MOVE = YES;
				CLANG_WARN_UNGUARDED_AVAILABILITY = YES_AGGRESSIVE;
				CLANG_WARN_UNREACHABLE_CODE = YES;
				CLANG_WARN__DUPLICATE_METHOD_MATCH = YES;
				COPY_PHASE_STRIP = NO;
				DEAD_CODE_STRIPPING = YES;
				DEBUG_INFORMATION_FORMAT = "dwarf-with-dsym";
				ENABLE_NS_ASSERTIONS = NO;
				ENABLE_STRICT_OBJC_MSGSEND = YES;
				ENABLE_USER_SCRIPT_SANDBOXING = YES;
				GCC_C_LANGUAGE_STANDARD = gnu11;
				GCC_NO_COMMON_BLOCKS = YES;
				GCC_WARN_64_TO_32_BIT_CONVERSION = YES;
				GCC_WARN_ABOUT_RETURN_TYPE = YES_ERROR;
				GCC_WARN_UNDECLARED_SELECTOR = YES;
				GCC_WARN_UNINITIALIZED_AUTOS = YES_AGGRESSIVE;
				GCC_WARN_UNUSED_FUNCTION = YES;
				GCC_WARN_UNUSED_VARIABLE = YES;
				IPHONEOS_DEPLOYMENT_TARGET = 17.0;
				MTL_ENABLE_DEBUG_INFO = NO;
				MTL_FAST_MATH = YES;
				SWIFT_COMPILATION_MODE = wholemodule;
				SWIFT_OPTIMIZATION_LEVEL = "-O";
			};
			name = Release;
		};
		4FD31080286A3BCD00BB55ED /* Debug */ = {
			isa = XCBuildConfiguration;
			buildSettings = {
				ASSETCATALOG_COMPILER_APPICON_NAME = AppIcon;
				ASSETCATALOG_COMPILER_GLOBAL_ACCENT_COLOR_NAME = AccentColor;
				CODE_SIGN_STYLE = Automatic;
				CURRENT_PROJECT_VERSION = 1;
				DEVELOPMENT_TEAM = 98589R7VQ2;
				ENABLE_PREVIEWS = YES;
				GENERATE_INFOPLIST_FILE = YES;
				INFOPLIST_KEY_UIApplicationSceneManifest_Generation = YES;
				INFOPLIST_KEY_UIApplicationSupportsIndirectInputEvents = YES;
				INFOPLIST_KEY_UILaunchScreen_Generation = YES;
				INFOPLIST_KEY_UISupportedInterfaceOrientations = "UIInterfaceOrientationLandscapeLeft UIInterfaceOrientationLandscapeRight UIInterfaceOrientationPortrait";
				INFOPLIST_KEY_UISupportedInterfaceOrientations_iPad = "UIInterfaceOrientationLandscapeLeft UIInterfaceOrientationLandscapeRight UIInterfaceOrientationPortrait UIInterfaceOrientationPortraitUpsideDown";
				IPHONEOS_DEPLOYMENT_TARGET = 17.0;
				LD_RUNPATH_SEARCH_PATHS = (
					"$(inherited)",
					"@executable_path/Frameworks",
				);
				MARKETING_VERSION = 1.0;
				PRODUCT_BUNDLE_IDENTIFIER = "Kermo-Saarse.MetalCraft";
				PRODUCT_NAME = MetalCraft;
				SDKROOT = iphoneos;
				SWIFT_EMIT_LOC_STRINGS = YES;
				SWIFT_VERSION = 5.0;
				TARGETED_DEVICE_FAMILY = "1,2";
			};
			name = Debug;
		};
		4FD31081286A3BCD00BB55ED /* Release */ = {
			isa = XCBuildConfiguration;
			buildSettings = {
				ASSETCATALOG_COMPILER_APPICON_NAME = AppIcon;
				ASSETCATALOG_COMPILER_GLOBAL_ACCENT_COLOR_NAME = AccentColor;
				CODE_SIGN_STYLE = Automatic;
				CURRENT_PROJECT_VERSION = 1;
				DEVELOPMENT_TEAM = 98589R7VQ2;
				ENABLE_PREVIEWS = YES;
				GENERATE_INFOPLIST_FILE = YES;
				INFOPLIST_KEY_UIApplicationSceneManifest_Generation = YES;
				INFOPLIST_KEY_UIApplicationSupportsIndirectInputEvents = YES;
				INFOPLIST_KEY_UILaunchScreen_Generation = YES;
				INFOPLIST_KEY_UISupportedInterfaceOrientations = "UIInterfaceOrientationLandscapeLeft UIInterfaceOrientationLandscapeRight UIInterfaceOrientationPortrait";
				INFOPLIST_KEY_UISupportedInterfaceOrientations_iPad = "UIInterfaceOrientationLandscapeLeft UIInterfaceOrientationLandscapeRight UIInterfaceOrientationPortrait UIInterfaceOrientationPortraitUpsideDown";
				IPHONEOS_DEPLOYMENT_TARGET = 17.0;
				LD_RUNPATH_SEARCH_PATHS = (
					"$(inherited)",
					"@executable_path/Frameworks",
				);
				MARKETING_VERSION = 1.0;
				PRODUCT_BUNDLE_IDENTIFIER = "Kermo-Saarse.MetalCraft";
				PRODUCT_NAME = MetalCraft;
				SDKROOT = iphoneos;
				SWIFT_EMIT_LOC_STRINGS = YES;
				SWIFT_VERSION = 5.0;
				TARGETED_DEVICE_FAMILY = "1,2";
				VALIDATE_PRODUCT = YES;
			};
			name = Release;
		};
		4FD31083286A3BCD00BB55ED /* Debug */ = {
			isa = XCBuildConfiguration;
			buildSettings = {
				ASSETCATALOG_COMPILER_APPICON_NAME = AppIcon;
				ASSETCATALOG_COMPILER_GLOBAL_ACCENT_COLOR_NAME = AccentColor;
				CODE_SIGN_ENTITLEMENTS = macOS/macOS.entitlements;
				"CODE_SIGN_IDENTITY[sdk=macosx*]" = "-";
				CODE_SIGN_STYLE = Automatic;
				COMBINE_HIDPI_IMAGES = YES;
				CURRENT_PROJECT_VERSION = 1;
				DEAD_CODE_STRIPPING = YES;
				DEVELOPMENT_TEAM = 98589R7VQ2;
				ENABLE_HARDENED_RUNTIME = YES;
				ENABLE_PREVIEWS = YES;
				GENERATE_INFOPLIST_FILE = YES;
				INFOPLIST_KEY_NSHumanReadableCopyright = "";
				LD_RUNPATH_SEARCH_PATHS = (
					"$(inherited)",
					"@executable_path/../Frameworks",
				);
				MACOSX_DEPLOYMENT_TARGET = 14.0;
				MARKETING_VERSION = 1.0;
				PRODUCT_BUNDLE_IDENTIFIER = "Kermo-Saarse.MetalCraft";
				PRODUCT_NAME = MetalCraft;
				SDKROOT = macosx;
				SWIFT_EMIT_LOC_STRINGS = YES;
				SWIFT_VERSION = 5.0;
			};
			name = Debug;
		};
		4FD31084286A3BCD00BB55ED /* Release */ = {
			isa = XCBuildConfiguration;
			buildSettings = {
				ASSETCATALOG_COMPILER_APPICON_NAME = AppIcon;
				ASSETCATALOG_COMPILER_GLOBAL_ACCENT_COLOR_NAME = AccentColor;
				CODE_SIGN_ENTITLEMENTS = macOS/macOS.entitlements;
				"CODE_SIGN_IDENTITY[sdk=macosx*]" = "-";
				CODE_SIGN_STYLE = Automatic;
				COMBINE_HIDPI_IMAGES = YES;
				CURRENT_PROJECT_VERSION = 1;
				DEAD_CODE_STRIPPING = YES;
				DEVELOPMENT_TEAM = 98589R7VQ2;
				ENABLE_HARDENED_RUNTIME = YES;
				ENABLE_PREVIEWS = YES;
				GENERATE_INFOPLIST_FILE = YES;
				INFOPLIST_KEY_NSHumanReadableCopyright = "";
				LD_RUNPATH_SEARCH_PATHS = (
					"$(inherited)",
					"@executable_path/../Frameworks",
				);
				MACOSX_DEPLOYMENT_TARGET = 14.0;
				MARKETING_VERSION = 1.0;
				PRODUCT_BUNDLE_IDENTIFIER = "Kermo-Saarse.MetalCraft";
				PRODUCT_NAME = MetalCraft;
				SDKROOT = macosx;
				SWIFT_EMIT_LOC_STRINGS = YES;
				SWIFT_VERSION = 5.0;
			};
			name = Release;
		};
/* End XCBuildConfiguration section */

/* Begin XCConfigurationList section */
		4FD31065286A3BCC00BB55ED /* Build configuration list for PBXProject "MetalCraft" */ = {
			isa = XCConfigurationList;
			buildConfigurations = (
				4FD3107D286A3BCD00BB55ED /* Debug */,
				4FD3107E286A3BCD00BB55ED /* Release */,
			);
			defaultConfigurationIsVisible = 0;
			defaultConfigurationName = Release;
		};
		4FD3107F286A3BCD00BB55ED /* Build configuration list for PBXNativeTarget "MetalCraft (iOS)" */ = {
			isa = XCConfigurationList;
			buildConfigurations = (
				4FD31080286A3BCD00BB55ED /* Debug */,
				4FD31081286A3BCD00BB55ED /* Release */,
			);
			defaultConfigurationIsVisible = 0;
			defaultConfigurationName = Release;
		};
		4FD31082286A3BCD00BB55ED /* Build configuration list for PBXNativeTarget "MetalCraft (macOS)" */ = {
			isa = XCConfigurationList;
			buildConfigurations = (
				4FD31083286A3BCD00BB55ED /* Debug */,
				4FD31084286A3BCD00BB55ED /* Release */,
			);
			defaultConfigurationIsVisible = 0;
			defaultConfigurationName = Release;
		};
/* End XCConfigurationList section */
	};
	rootObject = 4FD31062286A3BCC00BB55ED /* Project object */;
}
